// !$*UTF8*$!
{
	archiveVersion = 1;
	classes = {
	};
	objectVersion = 56;
	objects = {

/* Begin PBXBuildFile section */
		9100AC352A8649F600AE6FEC /* NewGroupEdit.storyboard in Resources */ = {isa = PBXBuildFile; fileRef = 9100AC342A8649F600AE6FEC /* NewGroupEdit.storyboard */; };
		9100AC382A864A6000AE6FEC /* NewGroupEditCell.swift in Sources */ = {isa = PBXBuildFile; fileRef = 9100AC362A864A6000AE6FEC /* NewGroupEditCell.swift */; };
		9100AC392A864A6000AE6FEC /* NewGroupEditCell.xib in Resources */ = {isa = PBXBuildFile; fileRef = 9100AC372A864A6000AE6FEC /* NewGroupEditCell.xib */; };
		9100AC402A864B6200AE6FEC /* NewGroupEditController.swift in Sources */ = {isa = PBXBuildFile; fileRef = 9100AC3F2A864B6200AE6FEC /* NewGroupEditController.swift */; };
		9100AC422A864BF600AE6FEC /* NewGroupEditViewModel.swift in Sources */ = {isa = PBXBuildFile; fileRef = 9100AC412A864BF600AE6FEC /* NewGroupEditViewModel.swift */; };
		9100AC442A8659AB00AE6FEC /* GroupCellModel.swift in Sources */ = {isa = PBXBuildFile; fileRef = 9100AC432A8659AB00AE6FEC /* GroupCellModel.swift */; };
		9100AC462A865A0C00AE6FEC /* CreateGroupModel.swift in Sources */ = {isa = PBXBuildFile; fileRef = 9100AC452A865A0C00AE6FEC /* CreateGroupModel.swift */; };
		9108FBA92A77F4B500875CFD /* MainTab.storyboard in Resources */ = {isa = PBXBuildFile; fileRef = 9108FBA82A77F4B500875CFD /* MainTab.storyboard */; };
		9108FBAC2A77F55D00875CFD /* MessagesController.swift in Sources */ = {isa = PBXBuildFile; fileRef = 9108FBAB2A77F55D00875CFD /* MessagesController.swift */; };
		9108FBB22A77FE6C00875CFD /* Messages.storyboard in Resources */ = {isa = PBXBuildFile; fileRef = 9108FBB12A77FE6C00875CFD /* Messages.storyboard */; };
		910C24A82A78DF2300E70900 /* RegisterModel.swift in Sources */ = {isa = PBXBuildFile; fileRef = 910C24A72A78DF2300E70900 /* RegisterModel.swift */; };
		910C24AB2A78E05800E70900 /* SDWebImage in Frameworks */ = {isa = PBXBuildFile; productRef = 910C24AA2A78E05800E70900 /* SDWebImage */; };
		910C24AE2A78E0D200E70900 /* UsersViewModel.swift in Sources */ = {isa = PBXBuildFile; fileRef = 910C24AD2A78E0D200E70900 /* UsersViewModel.swift */; };
		911914DF2A9CBD2F00DE55C7 /* ItemCountAck.swift in Sources */ = {isa = PBXBuildFile; fileRef = 911914DE2A9CBD2F00DE55C7 /* ItemCountAck.swift */; };
		912498222AA2137800299419 /* MessageEntity.xcdatamodeld in Sources */ = {isa = PBXBuildFile; fileRef = 912498202AA2137800299419 /* MessageEntity.xcdatamodeld */; };
		912498252AA213E900299419 /* MessageEntity+CoreDataClass.swift in Sources */ = {isa = PBXBuildFile; fileRef = 912498232AA213E900299419 /* MessageEntity+CoreDataClass.swift */; };
		912498262AA213E900299419 /* MessageEntity+CoreDataProperties.swift in Sources */ = {isa = PBXBuildFile; fileRef = 912498242AA213E900299419 /* MessageEntity+CoreDataProperties.swift */; };
		913B6E012A7A2D3D00B9D5C4 /* SettingsCell.swift in Sources */ = {isa = PBXBuildFile; fileRef = 913B6DFF2A7A2D3D00B9D5C4 /* SettingsCell.swift */; };
		913B6E022A7A2D3D00B9D5C4 /* SettingsCell.xib in Resources */ = {isa = PBXBuildFile; fileRef = 913B6E002A7A2D3D00B9D5C4 /* SettingsCell.xib */; };
		913B6E042A7A31A600B9D5C4 /* SettingsViewModel.swift in Sources */ = {isa = PBXBuildFile; fileRef = 913B6E032A7A31A600B9D5C4 /* SettingsViewModel.swift */; };
		913B6E072A7A32CA00B9D5C4 /* EditProfileController.swift in Sources */ = {isa = PBXBuildFile; fileRef = 913B6E062A7A32CA00B9D5C4 /* EditProfileController.swift */; };
		913B6E0B2A7A32FF00B9D5C4 /* EditProfile.storyboard in Resources */ = {isa = PBXBuildFile; fileRef = 913B6E0A2A7A32FF00B9D5C4 /* EditProfile.storyboard */; };
		913B6E0E2A7A337400B9D5C4 /* EditProfileCell.swift in Sources */ = {isa = PBXBuildFile; fileRef = 913B6E0C2A7A337400B9D5C4 /* EditProfileCell.swift */; };
		913B6E0F2A7A337400B9D5C4 /* EditProfileCell.xib in Resources */ = {isa = PBXBuildFile; fileRef = 913B6E0D2A7A337400B9D5C4 /* EditProfileCell.xib */; };
		913B6E112A7A338200B9D5C4 /* EditProfileViewModel.swift in Sources */ = {isa = PBXBuildFile; fileRef = 913B6E102A7A338200B9D5C4 /* EditProfileViewModel.swift */; };
		913B6E142A7A377500B9D5C4 /* AppConfig.swift in Sources */ = {isa = PBXBuildFile; fileRef = 913B6E132A7A377500B9D5C4 /* AppConfig.swift */; };
		913B6E172A7A3B0B00B9D5C4 /* LogoutCell.swift in Sources */ = {isa = PBXBuildFile; fileRef = 913B6E152A7A3B0B00B9D5C4 /* LogoutCell.swift */; };
		913B6E182A7A3B0B00B9D5C4 /* LogoutCell.xib in Resources */ = {isa = PBXBuildFile; fileRef = 913B6E162A7A3B0B00B9D5C4 /* LogoutCell.xib */; };
		913B6E1A2A7A48CA00B9D5C4 /* UpdateUserModel.swift in Sources */ = {isa = PBXBuildFile; fileRef = 913B6E192A7A48CA00B9D5C4 /* UpdateUserModel.swift */; };
		913B6E1D2A7A4EFA00B9D5C4 /* ChatController.swift in Sources */ = {isa = PBXBuildFile; fileRef = 913B6E1C2A7A4EFA00B9D5C4 /* ChatController.swift */; };
		913B6E202A7A4F1000B9D5C4 /* Chat.storyboard in Resources */ = {isa = PBXBuildFile; fileRef = 913B6E1F2A7A4F1000B9D5C4 /* Chat.storyboard */; };
		913B6E272A7A4FD700B9D5C4 /* ChatViewModel.swift in Sources */ = {isa = PBXBuildFile; fileRef = 913B6E262A7A4FD700B9D5C4 /* ChatViewModel.swift */; };
		913B6E292A7A5CD900B9D5C4 /* MessagesViewModel.swift in Sources */ = {isa = PBXBuildFile; fileRef = 913B6E282A7A5CD900B9D5C4 /* MessagesViewModel.swift */; };
		913B6E302A7A9A5300B9D5C4 /* SocketManager.swift in Sources */ = {isa = PBXBuildFile; fileRef = 913B6E2F2A7A9A5300B9D5C4 /* SocketManager.swift */; };
		913B6E382A7B76E000B9D5C4 /* RegisterViewModel.swift in Sources */ = {isa = PBXBuildFile; fileRef = 913B6E372A7B76E000B9D5C4 /* RegisterViewModel.swift */; };
		913B6E3A2A7B886D00B9D5C4 /* Rootmanager.swift in Sources */ = {isa = PBXBuildFile; fileRef = 913B6E392A7B886D00B9D5C4 /* Rootmanager.swift */; };
		913B6E3E2A7B8BDC00B9D5C4 /* RootExtension.swift in Sources */ = {isa = PBXBuildFile; fileRef = 913B6E3D2A7B8BDC00B9D5C4 /* RootExtension.swift */; };
		913B6E412A7B9B3400B9D5C4 /* MessageItem.swift in Sources */ = {isa = PBXBuildFile; fileRef = 913B6E402A7B9B3400B9D5C4 /* MessageItem.swift */; };
		913B6E442A7BA28E00B9D5C4 /* MessagesService.swift in Sources */ = {isa = PBXBuildFile; fileRef = 913B6E432A7BA28E00B9D5C4 /* MessagesService.swift */; };
		914A7F482A78D7AC00499D49 /* UsersController.swift in Sources */ = {isa = PBXBuildFile; fileRef = 914A7F472A78D7AC00499D49 /* UsersController.swift */; };
		914A7F4B2A78D7D300499D49 /* Users.storyboard in Resources */ = {isa = PBXBuildFile; fileRef = 914A7F4A2A78D7D300499D49 /* Users.storyboard */; };
		9156BF982A98DFF200F3AECB /* img_1.png in Resources */ = {isa = PBXBuildFile; fileRef = 9156BF952A98DFF200F3AECB /* img_1.png */; };
		9156BF992A98DFF200F3AECB /* img_0.png in Resources */ = {isa = PBXBuildFile; fileRef = 9156BF962A98DFF200F3AECB /* img_0.png */; };
		9156BF9A2A98DFF200F3AECB /* data2.json in Resources */ = {isa = PBXBuildFile; fileRef = 9156BF972A98DFF200F3AECB /* data2.json */; };
		9162CB0E2AA0D39A0085A26E /* ChatCellWithImage.swift in Sources */ = {isa = PBXBuildFile; fileRef = 9162CB0C2AA0D39A0085A26E /* ChatCellWithImage.swift */; };
		9162CB0F2AA0D39A0085A26E /* ChatCellWithImage.xib in Resources */ = {isa = PBXBuildFile; fileRef = 9162CB0D2AA0D39A0085A26E /* ChatCellWithImage.xib */; };
		9162CB122AA0D83C0085A26E /* Kingfisher in Frameworks */ = {isa = PBXBuildFile; productRef = 9162CB112AA0D83C0085A26E /* Kingfisher */; };
		9162CB392AA210040085A26E /* CoreDataManager.swift in Sources */ = {isa = PBXBuildFile; fileRef = 9162CB382AA210040085A26E /* CoreDataManager.swift */; };
		916713AE2A78DC2C00C8AD50 /* UsersCell.swift in Sources */ = {isa = PBXBuildFile; fileRef = 916713AC2A78DC2C00C8AD50 /* UsersCell.swift */; };
		916713AF2A78DC2C00C8AD50 /* UsersCell.xib in Resources */ = {isa = PBXBuildFile; fileRef = 916713AD2A78DC2C00C8AD50 /* UsersCell.xib */; };
		9171B33A2A8A273200C698EC /* Messages+Extensions.swift in Sources */ = {isa = PBXBuildFile; fileRef = 9171B3392A8A273200C698EC /* Messages+Extensions.swift */; };
		9171B33C2A8A276300C698EC /* Chat+Extensions.swift in Sources */ = {isa = PBXBuildFile; fileRef = 9171B33B2A8A276300C698EC /* Chat+Extensions.swift */; };
		9171B33F2A8A286200C698EC /* MessagesHeaderViewModel.swift in Sources */ = {isa = PBXBuildFile; fileRef = 9171B33D2A8A286100C698EC /* MessagesHeaderViewModel.swift */; };
		9171B3432A8B58F700C698EC /* ChatInformationController.swift in Sources */ = {isa = PBXBuildFile; fileRef = 9171B3422A8B58F700C698EC /* ChatInformationController.swift */; };
		9171B3462A8B592C00C698EC /* ChatInformation.storyboard in Resources */ = {isa = PBXBuildFile; fileRef = 9171B3452A8B592C00C698EC /* ChatInformation.storyboard */; };
		9171B34B2A8B5A0600C698EC /* ChatInformationCell.swift in Sources */ = {isa = PBXBuildFile; fileRef = 9171B3492A8B5A0600C698EC /* ChatInformationCell.swift */; };
		9171B34C2A8B5A0600C698EC /* ChatInformationCell.xib in Resources */ = {isa = PBXBuildFile; fileRef = 9171B34A2A8B5A0600C698EC /* ChatInformationCell.xib */; };
		9171B34E2A8B5C4400C698EC /* ChatInformationViewModel.swift in Sources */ = {isa = PBXBuildFile; fileRef = 9171B34D2A8B5C4400C698EC /* ChatInformationViewModel.swift */; };
		9171B3502A8B5ED600C698EC /* GroupMessageModel.swift in Sources */ = {isa = PBXBuildFile; fileRef = 9171B34F2A8B5ED600C698EC /* GroupMessageModel.swift */; };
		9171B3522A8B827800C698EC /* NSLayoutExtensions.swift in Sources */ = {isa = PBXBuildFile; fileRef = 9171B3512A8B827800C698EC /* NSLayoutExtensions.swift */; };
		9171B3552A8B832600C698EC /* RaceView.swift in Sources */ = {isa = PBXBuildFile; fileRef = 9171B3542A8B832600C698EC /* RaceView.swift */; };
		9171B3572A8B9C7500C698EC /* ColorExtensions.swift in Sources */ = {isa = PBXBuildFile; fileRef = 9171B3562A8B9C7500C698EC /* ColorExtensions.swift */; };
		9171B3592A8BA29700C698EC /* RaceEvent.swift in Sources */ = {isa = PBXBuildFile; fileRef = 9171B3582A8BA29700C698EC /* RaceEvent.swift */; };
		9171B35B2A8BABF400C698EC /* RaceHandler.swift in Sources */ = {isa = PBXBuildFile; fileRef = 9171B35A2A8BABF400C698EC /* RaceHandler.swift */; };
		9171B35D2A8BB05A00C698EC /* GroupEventModel.swift in Sources */ = {isa = PBXBuildFile; fileRef = 9171B35C2A8BB05A00C698EC /* GroupEventModel.swift */; };
		9171B3622A8E1DE200C698EC /* UserCircle.swift in Sources */ = {isa = PBXBuildFile; fileRef = 9171B3612A8E1DE200C698EC /* UserCircle.swift */; };
		918B337A2A77E0EE00AB0EB8 /* AppDelegate.swift in Sources */ = {isa = PBXBuildFile; fileRef = 918B33792A77E0EE00AB0EB8 /* AppDelegate.swift */; };
		918B337C2A77E0EE00AB0EB8 /* SceneDelegate.swift in Sources */ = {isa = PBXBuildFile; fileRef = 918B337B2A77E0EE00AB0EB8 /* SceneDelegate.swift */; };
		918B337E2A77E0EE00AB0EB8 /* LoginController.swift in Sources */ = {isa = PBXBuildFile; fileRef = 918B337D2A77E0EE00AB0EB8 /* LoginController.swift */; };
		918B33812A77E0EE00AB0EB8 /* Main.storyboard in Resources */ = {isa = PBXBuildFile; fileRef = 918B337F2A77E0EE00AB0EB8 /* Main.storyboard */; };
		918B33832A77E0EF00AB0EB8 /* Assets.xcassets in Resources */ = {isa = PBXBuildFile; fileRef = 918B33822A77E0EF00AB0EB8 /* Assets.xcassets */; };
		918B33862A77E0EF00AB0EB8 /* LaunchScreen.storyboard in Resources */ = {isa = PBXBuildFile; fileRef = 918B33842A77E0EF00AB0EB8 /* LaunchScreen.storyboard */; };
		918B33972A77EA6400AB0EB8 /* RegisterController.swift in Sources */ = {isa = PBXBuildFile; fileRef = 918B33962A77EA6400AB0EB8 /* RegisterController.swift */; };
		918B339B2A77EA7D00AB0EB8 /* Register.storyboard in Resources */ = {isa = PBXBuildFile; fileRef = 918B339A2A77EA7D00AB0EB8 /* Register.storyboard */; };
		918B33A12A77EB4500AB0EB8 /* LoginViewModel.swift in Sources */ = {isa = PBXBuildFile; fileRef = 918B33A02A77EB4500AB0EB8 /* LoginViewModel.swift */; };
		918B33A82A77F3EB00AB0EB8 /* MainTab.swift in Sources */ = {isa = PBXBuildFile; fileRef = 918B33A72A77F3EB00AB0EB8 /* MainTab.swift */; };
		91934F262A7CE05700D827B3 /* MessagesCellItem.swift in Sources */ = {isa = PBXBuildFile; fileRef = 91934F252A7CE05700D827B3 /* MessagesCellItem.swift */; };
		91934F292A7D1F1B00D827B3 /* SpecificUser.swift in Sources */ = {isa = PBXBuildFile; fileRef = 91934F282A7D1F1B00D827B3 /* SpecificUser.swift */; };
		91934F2E2A80BA8800D827B3 /* ChatCell2.swift in Sources */ = {isa = PBXBuildFile; fileRef = 91934F2C2A80BA8800D827B3 /* ChatCell2.swift */; };
		91934F2F2A80BA8800D827B3 /* ChatCell2.xib in Resources */ = {isa = PBXBuildFile; fileRef = 91934F2D2A80BA8800D827B3 /* ChatCell2.xib */; };
		91934F342A80F60500D827B3 /* TokenModel.swift in Sources */ = {isa = PBXBuildFile; fileRef = 91934F332A80F60500D827B3 /* TokenModel.swift */; };
		91934F372A80F90200D827B3 /* UDConstants.swift in Sources */ = {isa = PBXBuildFile; fileRef = 91934F362A80F90200D827B3 /* UDConstants.swift */; };
		91934F392A81044B00D827B3 /* DateExtension.swift in Sources */ = {isa = PBXBuildFile; fileRef = 91934F382A81044B00D827B3 /* DateExtension.swift */; };
		91934F3C2A82348A00D827B3 /* OneSignal in Frameworks */ = {isa = PBXBuildFile; productRef = 91934F3B2A82348A00D827B3 /* OneSignal */; };
		919C40822A964C2400E813EB /* AssetManager.swift in Sources */ = {isa = PBXBuildFile; fileRef = 919C40812A964C2400E813EB /* AssetManager.swift */; };
		919C40852A964E8400E813EB /* Lottie in Frameworks */ = {isa = PBXBuildFile; productRef = 919C40842A964E8400E813EB /* Lottie */; };
		919CDE762A78F18C00EB5DDE /* UsersHeader.xib in Resources */ = {isa = PBXBuildFile; fileRef = 919CDE752A78F18C00EB5DDE /* UsersHeader.xib */; };
		919CDE7C2A78F8A800EB5DDE /* AuthService.swift in Sources */ = {isa = PBXBuildFile; fileRef = 919CDE7B2A78F8A800EB5DDE /* AuthService.swift */; };
		919CDE7F2A78FF3500EB5DDE /* Moya in Frameworks */ = {isa = PBXBuildFile; productRef = 919CDE7E2A78FF3500EB5DDE /* Moya */; };
		919CDE812A78FF6500EB5DDE /* API.swift in Sources */ = {isa = PBXBuildFile; fileRef = 919CDE802A78FF6500EB5DDE /* API.swift */; };
		919CDE832A7900EA00EB5DDE /* AuthAPI.swift in Sources */ = {isa = PBXBuildFile; fileRef = 919CDE822A7900EA00EB5DDE /* AuthAPI.swift */; };
		919CDE852A790EFC00EB5DDE /* LoginModel.swift in Sources */ = {isa = PBXBuildFile; fileRef = 919CDE842A790EFC00EB5DDE /* LoginModel.swift */; };
		919CDE8B2A79263000EB5DDE /* UserModel.swift in Sources */ = {isa = PBXBuildFile; fileRef = 919CDE8A2A79263000EB5DDE /* UserModel.swift */; };
		919CDE8E2A793D2800EB5DDE /* UserService.swift in Sources */ = {isa = PBXBuildFile; fileRef = 919CDE8D2A793D2800EB5DDE /* UserService.swift */; };
		919CDE942A794D6F00EB5DDE /* CurrentUserModel.swift in Sources */ = {isa = PBXBuildFile; fileRef = 919CDE932A794D6F00EB5DDE /* CurrentUserModel.swift */; };
		919CDE972A7A244600EB5DDE /* Settings.storyboard in Resources */ = {isa = PBXBuildFile; fileRef = 919CDE962A7A244600EB5DDE /* Settings.storyboard */; };
		919CDE9A2A7A247700EB5DDE /* SettingsController.swift in Sources */ = {isa = PBXBuildFile; fileRef = 919CDE992A7A247700EB5DDE /* SettingsController.swift */; };
		91B62E5D2A860BEA00B3C56E /* MessagesHeader.xib in Resources */ = {isa = PBXBuildFile; fileRef = 91B62E5C2A860BEA00B3C56E /* MessagesHeader.xib */; };
		91B62E602A860C9100B3C56E /* MessagesHeader.swift in Sources */ = {isa = PBXBuildFile; fileRef = 91B62E5F2A860C9100B3C56E /* MessagesHeader.swift */; };
		91B62E6A2A8616C700B3C56E /* NewGroup.storyboard in Resources */ = {isa = PBXBuildFile; fileRef = 91B62E692A8616C700B3C56E /* NewGroup.storyboard */; };
		91B62E6C2A8616EC00B3C56E /* NewGroupController.swift in Sources */ = {isa = PBXBuildFile; fileRef = 91B62E6B2A8616EC00B3C56E /* NewGroupController.swift */; };
		91B62E702A86178D00B3C56E /* NewGroupCell.swift in Sources */ = {isa = PBXBuildFile; fileRef = 91B62E6E2A86178D00B3C56E /* NewGroupCell.swift */; };
		91B62E712A86178D00B3C56E /* NewGroupCell.xib in Resources */ = {isa = PBXBuildFile; fileRef = 91B62E6F2A86178D00B3C56E /* NewGroupCell.xib */; };
		91B62E732A86193C00B3C56E /* NewGroupViewModel.swift in Sources */ = {isa = PBXBuildFile; fileRef = 91B62E722A86193C00B3C56E /* NewGroupViewModel.swift */; };
		91BE7F252A948325009B55DF /* UserConatiner.swift in Sources */ = {isa = PBXBuildFile; fileRef = 91BE7F242A948325009B55DF /* UserConatiner.swift */; };
		91BE7F272A948FAB009B55DF /* GiftManager.swift in Sources */ = {isa = PBXBuildFile; fileRef = 91BE7F262A948FAB009B55DF /* GiftManager.swift */; };
		91BE7F3C2A949D23009B55DF /* AVAsset+VideoSize.swift in Sources */ = {isa = PBXBuildFile; fileRef = 91BE7F372A949D1F009B55DF /* AVAsset+VideoSize.swift */; };
		91BE7F3D2A949D23009B55DF /* AVPlayerView.swift in Sources */ = {isa = PBXBuildFile; fileRef = 91BE7F382A949D21009B55DF /* AVPlayerView.swift */; };
		91BE7F3E2A949D23009B55DF /* CIKernel+DefaultMetalLibrary.swift in Sources */ = {isa = PBXBuildFile; fileRef = 91BE7F392A949D22009B55DF /* CIKernel+DefaultMetalLibrary.swift */; };
		91BE7F3F2A949D23009B55DF /* AlphaFrameFilter.swift in Sources */ = {isa = PBXBuildFile; fileRef = 91BE7F3A2A949D22009B55DF /* AlphaFrameFilter.swift */; };
		91BE7F402A949D23009B55DF /* CIImage+VerticalSplit.swift in Sources */ = {isa = PBXBuildFile; fileRef = 91BE7F3B2A949D22009B55DF /* CIImage+VerticalSplit.swift */; };
		91BE7F422A949E8D009B55DF /* AlphaFrameFilter.metal in Sources */ = {isa = PBXBuildFile; fileRef = 91BE7F412A949E8D009B55DF /* AlphaFrameFilter.metal */; };
		91BE7F462A94B9BB009B55DF /* DownloadManager.swift in Sources */ = {isa = PBXBuildFile; fileRef = 91BE7F452A94B9BB009B55DF /* DownloadManager.swift */; };
		91C4E8852AA084B800E42B49 /* ImageManager.swift in Sources */ = {isa = PBXBuildFile; fileRef = 91C4E8842AA084B800E42B49 /* ImageManager.swift */; };
		91C4E8872AA08A6300E42B49 /* PhotoPickerManager.swift in Sources */ = {isa = PBXBuildFile; fileRef = 91C4E8862AA08A6300E42B49 /* PhotoPickerManager.swift */; };
		91C9A7DC2A8F8623009EBD56 /* RaceTimer.storyboard in Resources */ = {isa = PBXBuildFile; fileRef = 91C9A7DB2A8F8623009EBD56 /* RaceTimer.storyboard */; };
		91C9A7DE2A8F8721009EBD56 /* StartRaceController.swift in Sources */ = {isa = PBXBuildFile; fileRef = 91C9A7DD2A8F8721009EBD56 /* StartRaceController.swift */; };
		91CC865E2AA5FC830079110D /* JGProgressHUD in Frameworks */ = {isa = PBXBuildFile; productRef = 91CC865D2AA5FC830079110D /* JGProgressHUD */; };
		91CC86602AA5FD070079110D /* ProgressHud.swift in Sources */ = {isa = PBXBuildFile; fileRef = 91CC865F2AA5FD070079110D /* ProgressHud.swift */; };
		91CC86622AA720EA0079110D /* MessagePhotoDownloaded.swift in Sources */ = {isa = PBXBuildFile; fileRef = 91CC86612AA720EA0079110D /* MessagePhotoDownloaded.swift */; };
		91CC86642AA763D40079110D /* ImageLoader.swift in Sources */ = {isa = PBXBuildFile; fileRef = 91CC86632AA763D40079110D /* ImageLoader.swift */; };
		91DEF2932A7BED790072C6FF /* SocketIO in Frameworks */ = {isa = PBXBuildFile; productRef = 91DEF2922A7BED790072C6FF /* SocketIO */; };
		91DEF2962A7BF6F00072C6FF /* Splash.storyboard in Resources */ = {isa = PBXBuildFile; fileRef = 91DEF2952A7BF6F00072C6FF /* Splash.storyboard */; };
		91DEF2992A7BF74B0072C6FF /* SplashController.swift in Sources */ = {isa = PBXBuildFile; fileRef = 91DEF2982A7BF74B0072C6FF /* SplashController.swift */; };
		91DEF29C2A7BF76B0072C6FF /* SplashViewModel.swift in Sources */ = {isa = PBXBuildFile; fileRef = 91DEF29B2A7BF76B0072C6FF /* SplashViewModel.swift */; };
		91DEF2A02A7CDCA30072C6FF /* MessagesCell.swift in Sources */ = {isa = PBXBuildFile; fileRef = 91DEF29E2A7CDCA30072C6FF /* MessagesCell.swift */; };
		91DEF2A12A7CDCA30072C6FF /* MessagesCell.xib in Resources */ = {isa = PBXBuildFile; fileRef = 91DEF29F2A7CDCA30072C6FF /* MessagesCell.xib */; };
		91E31F1E2A839A8B00F2FF23 /* SentMessage.swift in Sources */ = {isa = PBXBuildFile; fileRef = 91E31F1D2A839A8B00F2FF23 /* SentMessage.swift */; };
/* End PBXBuildFile section */

/* Begin PBXCopyFilesBuildPhase section */
		91934F4C2A8234BC00D827B3 /* Embed Foundation Extensions */ = {
			isa = PBXCopyFilesBuildPhase;
			buildActionMask = 2147483647;
			dstPath = "";
			dstSubfolderSpec = 13;
			files = (
			);
			name = "Embed Foundation Extensions";
			runOnlyForDeploymentPostprocessing = 0;
		};
/* End PBXCopyFilesBuildPhase section */

/* Begin PBXFileReference section */
		9100AC342A8649F600AE6FEC /* NewGroupEdit.storyboard */ = {isa = PBXFileReference; lastKnownFileType = file.storyboard; path = NewGroupEdit.storyboard; sourceTree = "<group>"; };
		9100AC362A864A6000AE6FEC /* NewGroupEditCell.swift */ = {isa = PBXFileReference; lastKnownFileType = sourcecode.swift; path = NewGroupEditCell.swift; sourceTree = "<group>"; };
		9100AC372A864A6000AE6FEC /* NewGroupEditCell.xib */ = {isa = PBXFileReference; lastKnownFileType = file.xib; path = NewGroupEditCell.xib; sourceTree = "<group>"; };
		9100AC3F2A864B6200AE6FEC /* NewGroupEditController.swift */ = {isa = PBXFileReference; lastKnownFileType = sourcecode.swift; path = NewGroupEditController.swift; sourceTree = "<group>"; };
		9100AC412A864BF600AE6FEC /* NewGroupEditViewModel.swift */ = {isa = PBXFileReference; lastKnownFileType = sourcecode.swift; path = NewGroupEditViewModel.swift; sourceTree = "<group>"; };
		9100AC432A8659AB00AE6FEC /* GroupCellModel.swift */ = {isa = PBXFileReference; lastKnownFileType = sourcecode.swift; path = GroupCellModel.swift; sourceTree = "<group>"; };
		9100AC452A865A0C00AE6FEC /* CreateGroupModel.swift */ = {isa = PBXFileReference; lastKnownFileType = sourcecode.swift; path = CreateGroupModel.swift; sourceTree = "<group>"; };
		9108FBA82A77F4B500875CFD /* MainTab.storyboard */ = {isa = PBXFileReference; lastKnownFileType = file.storyboard; path = MainTab.storyboard; sourceTree = "<group>"; };
		9108FBAB2A77F55D00875CFD /* MessagesController.swift */ = {isa = PBXFileReference; lastKnownFileType = sourcecode.swift; path = MessagesController.swift; sourceTree = "<group>"; };
		9108FBB12A77FE6C00875CFD /* Messages.storyboard */ = {isa = PBXFileReference; lastKnownFileType = file.storyboard; path = Messages.storyboard; sourceTree = "<group>"; };
		910C24A72A78DF2300E70900 /* RegisterModel.swift */ = {isa = PBXFileReference; lastKnownFileType = sourcecode.swift; path = RegisterModel.swift; sourceTree = "<group>"; };
		910C24AD2A78E0D200E70900 /* UsersViewModel.swift */ = {isa = PBXFileReference; lastKnownFileType = sourcecode.swift; path = UsersViewModel.swift; sourceTree = "<group>"; };
		911914DE2A9CBD2F00DE55C7 /* ItemCountAck.swift */ = {isa = PBXFileReference; lastKnownFileType = sourcecode.swift; path = ItemCountAck.swift; sourceTree = "<group>"; };
		9124981A2AA2109300299419 /* MessageEntity.xcdatamodel */ = {isa = PBXFileReference; lastKnownFileType = wrapper.xcdatamodel; path = MessageEntity.xcdatamodel; sourceTree = "<group>"; };
		912498212AA2137800299419 /* MessageEntity.xcdatamodel */ = {isa = PBXFileReference; lastKnownFileType = wrapper.xcdatamodel; path = MessageEntity.xcdatamodel; sourceTree = "<group>"; };
		912498232AA213E900299419 /* MessageEntity+CoreDataClass.swift */ = {isa = PBXFileReference; lastKnownFileType = sourcecode.swift; path = "MessageEntity+CoreDataClass.swift"; sourceTree = "<group>"; };
		912498242AA213E900299419 /* MessageEntity+CoreDataProperties.swift */ = {isa = PBXFileReference; lastKnownFileType = sourcecode.swift; path = "MessageEntity+CoreDataProperties.swift"; sourceTree = "<group>"; };
		913B6DFF2A7A2D3D00B9D5C4 /* SettingsCell.swift */ = {isa = PBXFileReference; lastKnownFileType = sourcecode.swift; path = SettingsCell.swift; sourceTree = "<group>"; };
		913B6E002A7A2D3D00B9D5C4 /* SettingsCell.xib */ = {isa = PBXFileReference; lastKnownFileType = file.xib; path = SettingsCell.xib; sourceTree = "<group>"; };
		913B6E032A7A31A600B9D5C4 /* SettingsViewModel.swift */ = {isa = PBXFileReference; lastKnownFileType = sourcecode.swift; path = SettingsViewModel.swift; sourceTree = "<group>"; };
		913B6E062A7A32CA00B9D5C4 /* EditProfileController.swift */ = {isa = PBXFileReference; lastKnownFileType = sourcecode.swift; path = EditProfileController.swift; sourceTree = "<group>"; };
		913B6E0A2A7A32FF00B9D5C4 /* EditProfile.storyboard */ = {isa = PBXFileReference; lastKnownFileType = file.storyboard; path = EditProfile.storyboard; sourceTree = "<group>"; };
		913B6E0C2A7A337400B9D5C4 /* EditProfileCell.swift */ = {isa = PBXFileReference; lastKnownFileType = sourcecode.swift; path = EditProfileCell.swift; sourceTree = "<group>"; };
		913B6E0D2A7A337400B9D5C4 /* EditProfileCell.xib */ = {isa = PBXFileReference; lastKnownFileType = file.xib; path = EditProfileCell.xib; sourceTree = "<group>"; };
		913B6E102A7A338200B9D5C4 /* EditProfileViewModel.swift */ = {isa = PBXFileReference; lastKnownFileType = sourcecode.swift; path = EditProfileViewModel.swift; sourceTree = "<group>"; };
		913B6E132A7A377500B9D5C4 /* AppConfig.swift */ = {isa = PBXFileReference; lastKnownFileType = sourcecode.swift; path = AppConfig.swift; sourceTree = "<group>"; };
		913B6E152A7A3B0B00B9D5C4 /* LogoutCell.swift */ = {isa = PBXFileReference; lastKnownFileType = sourcecode.swift; path = LogoutCell.swift; sourceTree = "<group>"; };
		913B6E162A7A3B0B00B9D5C4 /* LogoutCell.xib */ = {isa = PBXFileReference; lastKnownFileType = file.xib; path = LogoutCell.xib; sourceTree = "<group>"; };
		913B6E192A7A48CA00B9D5C4 /* UpdateUserModel.swift */ = {isa = PBXFileReference; lastKnownFileType = sourcecode.swift; path = UpdateUserModel.swift; sourceTree = "<group>"; };
		913B6E1C2A7A4EFA00B9D5C4 /* ChatController.swift */ = {isa = PBXFileReference; lastKnownFileType = sourcecode.swift; path = ChatController.swift; sourceTree = "<group>"; };
		913B6E1F2A7A4F1000B9D5C4 /* Chat.storyboard */ = {isa = PBXFileReference; lastKnownFileType = file.storyboard; path = Chat.storyboard; sourceTree = "<group>"; };
		913B6E262A7A4FD700B9D5C4 /* ChatViewModel.swift */ = {isa = PBXFileReference; lastKnownFileType = sourcecode.swift; path = ChatViewModel.swift; sourceTree = "<group>"; };
		913B6E282A7A5CD900B9D5C4 /* MessagesViewModel.swift */ = {isa = PBXFileReference; lastKnownFileType = sourcecode.swift; path = MessagesViewModel.swift; sourceTree = "<group>"; };
		913B6E2F2A7A9A5300B9D5C4 /* SocketManager.swift */ = {isa = PBXFileReference; lastKnownFileType = sourcecode.swift; path = SocketManager.swift; sourceTree = "<group>"; };
		913B6E372A7B76E000B9D5C4 /* RegisterViewModel.swift */ = {isa = PBXFileReference; lastKnownFileType = sourcecode.swift; path = RegisterViewModel.swift; sourceTree = "<group>"; };
		913B6E392A7B886D00B9D5C4 /* Rootmanager.swift */ = {isa = PBXFileReference; lastKnownFileType = sourcecode.swift; path = Rootmanager.swift; sourceTree = "<group>"; };
		913B6E3D2A7B8BDC00B9D5C4 /* RootExtension.swift */ = {isa = PBXFileReference; fileEncoding = 4; lastKnownFileType = sourcecode.swift; path = RootExtension.swift; sourceTree = "<group>"; };
		913B6E402A7B9B3400B9D5C4 /* MessageItem.swift */ = {isa = PBXFileReference; lastKnownFileType = sourcecode.swift; path = MessageItem.swift; sourceTree = "<group>"; };
		913B6E432A7BA28E00B9D5C4 /* MessagesService.swift */ = {isa = PBXFileReference; lastKnownFileType = sourcecode.swift; path = MessagesService.swift; sourceTree = "<group>"; };
		914A7F472A78D7AC00499D49 /* UsersController.swift */ = {isa = PBXFileReference; lastKnownFileType = sourcecode.swift; path = UsersController.swift; sourceTree = "<group>"; };
		914A7F4A2A78D7D300499D49 /* Users.storyboard */ = {isa = PBXFileReference; lastKnownFileType = file.storyboard; path = Users.storyboard; sourceTree = "<group>"; };
		9156BF952A98DFF200F3AECB /* img_1.png */ = {isa = PBXFileReference; lastKnownFileType = image.png; path = img_1.png; sourceTree = "<group>"; };
		9156BF962A98DFF200F3AECB /* img_0.png */ = {isa = PBXFileReference; lastKnownFileType = image.png; path = img_0.png; sourceTree = "<group>"; };
		9156BF972A98DFF200F3AECB /* data2.json */ = {isa = PBXFileReference; fileEncoding = 4; lastKnownFileType = text.json; path = data2.json; sourceTree = "<group>"; };
		9162CB0C2AA0D39A0085A26E /* ChatCellWithImage.swift */ = {isa = PBXFileReference; lastKnownFileType = sourcecode.swift; path = ChatCellWithImage.swift; sourceTree = "<group>"; };
		9162CB0D2AA0D39A0085A26E /* ChatCellWithImage.xib */ = {isa = PBXFileReference; lastKnownFileType = file.xib; path = ChatCellWithImage.xib; sourceTree = "<group>"; };
		9162CB382AA210040085A26E /* CoreDataManager.swift */ = {isa = PBXFileReference; lastKnownFileType = sourcecode.swift; path = CoreDataManager.swift; sourceTree = "<group>"; };
		916713AC2A78DC2C00C8AD50 /* UsersCell.swift */ = {isa = PBXFileReference; lastKnownFileType = sourcecode.swift; path = UsersCell.swift; sourceTree = "<group>"; };
		916713AD2A78DC2C00C8AD50 /* UsersCell.xib */ = {isa = PBXFileReference; lastKnownFileType = file.xib; path = UsersCell.xib; sourceTree = "<group>"; };
		9171B3392A8A273200C698EC /* Messages+Extensions.swift */ = {isa = PBXFileReference; lastKnownFileType = sourcecode.swift; path = "Messages+Extensions.swift"; sourceTree = "<group>"; };
		9171B33B2A8A276300C698EC /* Chat+Extensions.swift */ = {isa = PBXFileReference; lastKnownFileType = sourcecode.swift; path = "Chat+Extensions.swift"; sourceTree = "<group>"; };
		9171B33D2A8A286100C698EC /* MessagesHeaderViewModel.swift */ = {isa = PBXFileReference; fileEncoding = 4; lastKnownFileType = sourcecode.swift; path = MessagesHeaderViewModel.swift; sourceTree = "<group>"; };
		9171B3422A8B58F700C698EC /* ChatInformationController.swift */ = {isa = PBXFileReference; lastKnownFileType = sourcecode.swift; path = ChatInformationController.swift; sourceTree = "<group>"; };
		9171B3452A8B592C00C698EC /* ChatInformation.storyboard */ = {isa = PBXFileReference; lastKnownFileType = file.storyboard; path = ChatInformation.storyboard; sourceTree = "<group>"; };
		9171B3492A8B5A0600C698EC /* ChatInformationCell.swift */ = {isa = PBXFileReference; lastKnownFileType = sourcecode.swift; path = ChatInformationCell.swift; sourceTree = "<group>"; };
		9171B34A2A8B5A0600C698EC /* ChatInformationCell.xib */ = {isa = PBXFileReference; lastKnownFileType = file.xib; path = ChatInformationCell.xib; sourceTree = "<group>"; };
		9171B34D2A8B5C4400C698EC /* ChatInformationViewModel.swift */ = {isa = PBXFileReference; lastKnownFileType = sourcecode.swift; path = ChatInformationViewModel.swift; sourceTree = "<group>"; };
		9171B34F2A8B5ED600C698EC /* GroupMessageModel.swift */ = {isa = PBXFileReference; lastKnownFileType = sourcecode.swift; path = GroupMessageModel.swift; sourceTree = "<group>"; };
		9171B3512A8B827800C698EC /* NSLayoutExtensions.swift */ = {isa = PBXFileReference; lastKnownFileType = sourcecode.swift; path = NSLayoutExtensions.swift; sourceTree = "<group>"; };
		9171B3542A8B832600C698EC /* RaceView.swift */ = {isa = PBXFileReference; lastKnownFileType = sourcecode.swift; path = RaceView.swift; sourceTree = "<group>"; };
		9171B3562A8B9C7500C698EC /* ColorExtensions.swift */ = {isa = PBXFileReference; lastKnownFileType = sourcecode.swift; path = ColorExtensions.swift; sourceTree = "<group>"; };
		9171B3582A8BA29700C698EC /* RaceEvent.swift */ = {isa = PBXFileReference; lastKnownFileType = sourcecode.swift; path = RaceEvent.swift; sourceTree = "<group>"; };
		9171B35A2A8BABF400C698EC /* RaceHandler.swift */ = {isa = PBXFileReference; lastKnownFileType = sourcecode.swift; path = RaceHandler.swift; sourceTree = "<group>"; };
		9171B35C2A8BB05A00C698EC /* GroupEventModel.swift */ = {isa = PBXFileReference; lastKnownFileType = sourcecode.swift; path = GroupEventModel.swift; sourceTree = "<group>"; };
		9171B3612A8E1DE200C698EC /* UserCircle.swift */ = {isa = PBXFileReference; lastKnownFileType = sourcecode.swift; path = UserCircle.swift; sourceTree = "<group>"; };
		918B33762A77E0EE00AB0EB8 /* swiftMessanger.app */ = {isa = PBXFileReference; explicitFileType = wrapper.application; includeInIndex = 0; path = swiftMessanger.app; sourceTree = BUILT_PRODUCTS_DIR; };
		918B33792A77E0EE00AB0EB8 /* AppDelegate.swift */ = {isa = PBXFileReference; lastKnownFileType = sourcecode.swift; path = AppDelegate.swift; sourceTree = "<group>"; };
		918B337B2A77E0EE00AB0EB8 /* SceneDelegate.swift */ = {isa = PBXFileReference; lastKnownFileType = sourcecode.swift; path = SceneDelegate.swift; sourceTree = "<group>"; };
		918B337D2A77E0EE00AB0EB8 /* LoginController.swift */ = {isa = PBXFileReference; lastKnownFileType = sourcecode.swift; path = LoginController.swift; sourceTree = "<group>"; };
		918B33802A77E0EE00AB0EB8 /* Base */ = {isa = PBXFileReference; lastKnownFileType = file.storyboard; name = Base; path = Base.lproj/Main.storyboard; sourceTree = "<group>"; };
		918B33822A77E0EF00AB0EB8 /* Assets.xcassets */ = {isa = PBXFileReference; lastKnownFileType = folder.assetcatalog; path = Assets.xcassets; sourceTree = "<group>"; };
		918B33852A77E0EF00AB0EB8 /* Base */ = {isa = PBXFileReference; lastKnownFileType = file.storyboard; name = Base; path = Base.lproj/LaunchScreen.storyboard; sourceTree = "<group>"; };
		918B33872A77E0EF00AB0EB8 /* Info.plist */ = {isa = PBXFileReference; lastKnownFileType = text.plist.xml; path = Info.plist; sourceTree = "<group>"; };
		918B33962A77EA6400AB0EB8 /* RegisterController.swift */ = {isa = PBXFileReference; lastKnownFileType = sourcecode.swift; path = RegisterController.swift; sourceTree = "<group>"; };
		918B339A2A77EA7D00AB0EB8 /* Register.storyboard */ = {isa = PBXFileReference; lastKnownFileType = file.storyboard; path = Register.storyboard; sourceTree = "<group>"; };
		918B33A02A77EB4500AB0EB8 /* LoginViewModel.swift */ = {isa = PBXFileReference; lastKnownFileType = sourcecode.swift; path = LoginViewModel.swift; sourceTree = "<group>"; };
		918B33A72A77F3EB00AB0EB8 /* MainTab.swift */ = {isa = PBXFileReference; lastKnownFileType = sourcecode.swift; path = MainTab.swift; sourceTree = "<group>"; };
		91934F252A7CE05700D827B3 /* MessagesCellItem.swift */ = {isa = PBXFileReference; lastKnownFileType = sourcecode.swift; path = MessagesCellItem.swift; sourceTree = "<group>"; };
		91934F282A7D1F1B00D827B3 /* SpecificUser.swift */ = {isa = PBXFileReference; lastKnownFileType = sourcecode.swift; path = SpecificUser.swift; sourceTree = "<group>"; };
		91934F2C2A80BA8800D827B3 /* ChatCell2.swift */ = {isa = PBXFileReference; lastKnownFileType = sourcecode.swift; path = ChatCell2.swift; sourceTree = "<group>"; };
		91934F2D2A80BA8800D827B3 /* ChatCell2.xib */ = {isa = PBXFileReference; lastKnownFileType = file.xib; path = ChatCell2.xib; sourceTree = "<group>"; };
		91934F332A80F60500D827B3 /* TokenModel.swift */ = {isa = PBXFileReference; lastKnownFileType = sourcecode.swift; path = TokenModel.swift; sourceTree = "<group>"; };
		91934F362A80F90200D827B3 /* UDConstants.swift */ = {isa = PBXFileReference; lastKnownFileType = sourcecode.swift; path = UDConstants.swift; sourceTree = "<group>"; };
		91934F382A81044B00D827B3 /* DateExtension.swift */ = {isa = PBXFileReference; lastKnownFileType = sourcecode.swift; path = DateExtension.swift; sourceTree = "<group>"; };
		91934F432A8234BC00D827B3 /* NotificationService.swift */ = {isa = PBXFileReference; lastKnownFileType = sourcecode.swift; path = NotificationService.swift; sourceTree = "<group>"; };
		91934F452A8234BC00D827B3 /* Info.plist */ = {isa = PBXFileReference; lastKnownFileType = text.plist.xml; path = Info.plist; sourceTree = "<group>"; };
		91934F4D2A82354F00D827B3 /* swiftMessanger.entitlements */ = {isa = PBXFileReference; lastKnownFileType = text.plist.entitlements; path = swiftMessanger.entitlements; sourceTree = "<group>"; };
		919C40812A964C2400E813EB /* AssetManager.swift */ = {isa = PBXFileReference; lastKnownFileType = sourcecode.swift; path = AssetManager.swift; sourceTree = "<group>"; };
		919CDE752A78F18C00EB5DDE /* UsersHeader.xib */ = {isa = PBXFileReference; lastKnownFileType = file.xib; path = UsersHeader.xib; sourceTree = "<group>"; };
		919CDE7B2A78F8A800EB5DDE /* AuthService.swift */ = {isa = PBXFileReference; lastKnownFileType = sourcecode.swift; path = AuthService.swift; sourceTree = "<group>"; };
		919CDE802A78FF6500EB5DDE /* API.swift */ = {isa = PBXFileReference; lastKnownFileType = sourcecode.swift; path = API.swift; sourceTree = "<group>"; };
		919CDE822A7900EA00EB5DDE /* AuthAPI.swift */ = {isa = PBXFileReference; lastKnownFileType = sourcecode.swift; path = AuthAPI.swift; sourceTree = "<group>"; };
		919CDE842A790EFC00EB5DDE /* LoginModel.swift */ = {isa = PBXFileReference; lastKnownFileType = sourcecode.swift; path = LoginModel.swift; sourceTree = "<group>"; };
		919CDE8A2A79263000EB5DDE /* UserModel.swift */ = {isa = PBXFileReference; lastKnownFileType = sourcecode.swift; path = UserModel.swift; sourceTree = "<group>"; };
		919CDE8D2A793D2800EB5DDE /* UserService.swift */ = {isa = PBXFileReference; lastKnownFileType = sourcecode.swift; path = UserService.swift; sourceTree = "<group>"; };
		919CDE932A794D6F00EB5DDE /* CurrentUserModel.swift */ = {isa = PBXFileReference; lastKnownFileType = sourcecode.swift; path = CurrentUserModel.swift; sourceTree = "<group>"; };
		919CDE962A7A244600EB5DDE /* Settings.storyboard */ = {isa = PBXFileReference; lastKnownFileType = file.storyboard; path = Settings.storyboard; sourceTree = "<group>"; };
		919CDE992A7A247700EB5DDE /* SettingsController.swift */ = {isa = PBXFileReference; lastKnownFileType = sourcecode.swift; path = SettingsController.swift; sourceTree = "<group>"; };
		91B62E5C2A860BEA00B3C56E /* MessagesHeader.xib */ = {isa = PBXFileReference; lastKnownFileType = file.xib; path = MessagesHeader.xib; sourceTree = "<group>"; };
		91B62E5F2A860C9100B3C56E /* MessagesHeader.swift */ = {isa = PBXFileReference; lastKnownFileType = sourcecode.swift; path = MessagesHeader.swift; sourceTree = "<group>"; };
		91B62E692A8616C700B3C56E /* NewGroup.storyboard */ = {isa = PBXFileReference; lastKnownFileType = file.storyboard; path = NewGroup.storyboard; sourceTree = "<group>"; };
		91B62E6B2A8616EC00B3C56E /* NewGroupController.swift */ = {isa = PBXFileReference; lastKnownFileType = sourcecode.swift; path = NewGroupController.swift; sourceTree = "<group>"; };
		91B62E6E2A86178D00B3C56E /* NewGroupCell.swift */ = {isa = PBXFileReference; lastKnownFileType = sourcecode.swift; path = NewGroupCell.swift; sourceTree = "<group>"; };
		91B62E6F2A86178D00B3C56E /* NewGroupCell.xib */ = {isa = PBXFileReference; lastKnownFileType = file.xib; path = NewGroupCell.xib; sourceTree = "<group>"; };
		91B62E722A86193C00B3C56E /* NewGroupViewModel.swift */ = {isa = PBXFileReference; lastKnownFileType = sourcecode.swift; path = NewGroupViewModel.swift; sourceTree = "<group>"; };
		91BE7F242A948325009B55DF /* UserConatiner.swift */ = {isa = PBXFileReference; lastKnownFileType = sourcecode.swift; path = UserConatiner.swift; sourceTree = "<group>"; };
		91BE7F262A948FAB009B55DF /* GiftManager.swift */ = {isa = PBXFileReference; lastKnownFileType = sourcecode.swift; path = GiftManager.swift; sourceTree = "<group>"; };
		91BE7F372A949D1F009B55DF /* AVAsset+VideoSize.swift */ = {isa = PBXFileReference; fileEncoding = 4; lastKnownFileType = sourcecode.swift; path = "AVAsset+VideoSize.swift"; sourceTree = "<group>"; };
		91BE7F382A949D21009B55DF /* AVPlayerView.swift */ = {isa = PBXFileReference; fileEncoding = 4; lastKnownFileType = sourcecode.swift; path = AVPlayerView.swift; sourceTree = "<group>"; };
		91BE7F392A949D22009B55DF /* CIKernel+DefaultMetalLibrary.swift */ = {isa = PBXFileReference; fileEncoding = 4; lastKnownFileType = sourcecode.swift; path = "CIKernel+DefaultMetalLibrary.swift"; sourceTree = "<group>"; };
		91BE7F3A2A949D22009B55DF /* AlphaFrameFilter.swift */ = {isa = PBXFileReference; fileEncoding = 4; lastKnownFileType = sourcecode.swift; path = AlphaFrameFilter.swift; sourceTree = "<group>"; };
		91BE7F3B2A949D22009B55DF /* CIImage+VerticalSplit.swift */ = {isa = PBXFileReference; fileEncoding = 4; lastKnownFileType = sourcecode.swift; path = "CIImage+VerticalSplit.swift"; sourceTree = "<group>"; };
		91BE7F412A949E8D009B55DF /* AlphaFrameFilter.metal */ = {isa = PBXFileReference; lastKnownFileType = sourcecode.metal; path = AlphaFrameFilter.metal; sourceTree = "<group>"; };
		91BE7F452A94B9BB009B55DF /* DownloadManager.swift */ = {isa = PBXFileReference; fileEncoding = 4; lastKnownFileType = sourcecode.swift; path = DownloadManager.swift; sourceTree = "<group>"; };
		91C4E8842AA084B800E42B49 /* ImageManager.swift */ = {isa = PBXFileReference; lastKnownFileType = sourcecode.swift; path = ImageManager.swift; sourceTree = "<group>"; };
		91C4E8862AA08A6300E42B49 /* PhotoPickerManager.swift */ = {isa = PBXFileReference; lastKnownFileType = sourcecode.swift; path = PhotoPickerManager.swift; sourceTree = "<group>"; };
		91C9A7DB2A8F8623009EBD56 /* RaceTimer.storyboard */ = {isa = PBXFileReference; lastKnownFileType = file.storyboard; path = RaceTimer.storyboard; sourceTree = "<group>"; };
		91C9A7DD2A8F8721009EBD56 /* StartRaceController.swift */ = {isa = PBXFileReference; lastKnownFileType = sourcecode.swift; path = StartRaceController.swift; sourceTree = "<group>"; };
		91CC865F2AA5FD070079110D /* ProgressHud.swift */ = {isa = PBXFileReference; lastKnownFileType = sourcecode.swift; path = ProgressHud.swift; sourceTree = "<group>"; };
		91CC86612AA720EA0079110D /* MessagePhotoDownloaded.swift */ = {isa = PBXFileReference; lastKnownFileType = sourcecode.swift; path = MessagePhotoDownloaded.swift; sourceTree = "<group>"; };
		91CC86632AA763D40079110D /* ImageLoader.swift */ = {isa = PBXFileReference; lastKnownFileType = sourcecode.swift; path = ImageLoader.swift; sourceTree = "<group>"; };
		91DEF2952A7BF6F00072C6FF /* Splash.storyboard */ = {isa = PBXFileReference; lastKnownFileType = file.storyboard; path = Splash.storyboard; sourceTree = "<group>"; };
		91DEF2982A7BF74B0072C6FF /* SplashController.swift */ = {isa = PBXFileReference; lastKnownFileType = sourcecode.swift; path = SplashController.swift; sourceTree = "<group>"; };
		91DEF29B2A7BF76B0072C6FF /* SplashViewModel.swift */ = {isa = PBXFileReference; lastKnownFileType = sourcecode.swift; path = SplashViewModel.swift; sourceTree = "<group>"; };
		91DEF29E2A7CDCA30072C6FF /* MessagesCell.swift */ = {isa = PBXFileReference; lastKnownFileType = sourcecode.swift; path = MessagesCell.swift; sourceTree = "<group>"; };
		91DEF29F2A7CDCA30072C6FF /* MessagesCell.xib */ = {isa = PBXFileReference; lastKnownFileType = file.xib; path = MessagesCell.xib; sourceTree = "<group>"; };
		91E31F1D2A839A8B00F2FF23 /* SentMessage.swift */ = {isa = PBXFileReference; lastKnownFileType = sourcecode.swift; path = SentMessage.swift; sourceTree = "<group>"; };
/* End PBXFileReference section */

/* Begin PBXFrameworksBuildPhase section */
		918B33732A77E0EE00AB0EB8 /* Frameworks */ = {
			isa = PBXFrameworksBuildPhase;
			buildActionMask = 2147483647;
			files = (
				9162CB122AA0D83C0085A26E /* Kingfisher in Frameworks */,
				91CC865E2AA5FC830079110D /* JGProgressHUD in Frameworks */,
				919C40852A964E8400E813EB /* Lottie in Frameworks */,
				919CDE7F2A78FF3500EB5DDE /* Moya in Frameworks */,
				91934F3C2A82348A00D827B3 /* OneSignal in Frameworks */,
				910C24AB2A78E05800E70900 /* SDWebImage in Frameworks */,
				91DEF2932A7BED790072C6FF /* SocketIO in Frameworks */,
			);
			runOnlyForDeploymentPostprocessing = 0;
		};
/* End PBXFrameworksBuildPhase section */

/* Begin PBXGroup section */
		9100AC322A8649BD00AE6FEC /* NewGroupEditController */ = {
			isa = PBXGroup;
			children = (
				9100AC3F2A864B6200AE6FEC /* NewGroupEditController.swift */,
				9100AC412A864BF600AE6FEC /* NewGroupEditViewModel.swift */,
			);
			path = NewGroupEditController;
			sourceTree = "<group>";
		};
		9100AC332A8649E200AE6FEC /* NewGroupEdit */ = {
			isa = PBXGroup;
			children = (
				9100AC3A2A864B1200AE6FEC /* NewGroupEditCell */,
				9100AC342A8649F600AE6FEC /* NewGroupEdit.storyboard */,
			);
			name = NewGroupEdit;
			path = "NewGroupEdİT";
			sourceTree = "<group>";
		};
		9100AC3A2A864B1200AE6FEC /* NewGroupEditCell */ = {
			isa = PBXGroup;
			children = (
				9100AC372A864A6000AE6FEC /* NewGroupEditCell.xib */,
				9100AC362A864A6000AE6FEC /* NewGroupEditCell.swift */,
			);
			path = NewGroupEditCell;
			sourceTree = "<group>";
		};
		9108FBAA2A77F54400875CFD /* MessageController */ = {
			isa = PBXGroup;
			children = (
				9171B33E2A8A286200C698EC /* MessagesHeader */,
				9108FBAB2A77F55D00875CFD /* MessagesController.swift */,
				913B6E282A7A5CD900B9D5C4 /* MessagesViewModel.swift */,
				9171B3392A8A273200C698EC /* Messages+Extensions.swift */,
			);
			path = MessageController;
			sourceTree = "<group>";
		};
		9108FBAD2A77F56F00875CFD /* MainTab */ = {
			isa = PBXGroup;
			children = (
				9108FBA82A77F4B500875CFD /* MainTab.storyboard */,
			);
			path = MainTab;
			sourceTree = "<group>";
		};
		9108FBAE2A77F57C00875CFD /* Messages */ = {
			isa = PBXGroup;
			children = (
				9108FBB12A77FE6C00875CFD /* Messages.storyboard */,
				91DEF29D2A7CDC840072C6FF /* MessagesCell */,
				91B62E5B2A860B9C00B3C56E /* MessagesHeader */,
			);
			path = Messages;
			sourceTree = "<group>";
		};
		910C24A62A78DF1A00E70900 /* Models */ = {
			isa = PBXGroup;
			children = (
				913B6E3F2A7B9AFA00B9D5C4 /* Messages */,
				919CDE8C2A79355100EB5DDE /* Auth */,
			);
			path = Models;
			sourceTree = "<group>";
		};
		910C24AF2A78E1EB00E70900 /* UsersHeader */ = {
			isa = PBXGroup;
			children = (
				919CDE752A78F18C00EB5DDE /* UsersHeader.xib */,
			);
			path = UsersHeader;
			sourceTree = "<group>";
		};
		910C24B42A78E25800E70900 /* UsersMain */ = {
			isa = PBXGroup;
			children = (
				914A7F472A78D7AC00499D49 /* UsersController.swift */,
				910C24AD2A78E0D200E70900 /* UsersViewModel.swift */,
			);
			path = UsersMain;
			sourceTree = "<group>";
		};
		913B6DFE2A7A2D0B00B9D5C4 /* SettingsCell */ = {
			isa = PBXGroup;
			children = (
				913B6DFF2A7A2D3D00B9D5C4 /* SettingsCell.swift */,
				913B6E002A7A2D3D00B9D5C4 /* SettingsCell.xib */,
				913B6E152A7A3B0B00B9D5C4 /* LogoutCell.swift */,
				913B6E162A7A3B0B00B9D5C4 /* LogoutCell.xib */,
			);
			path = SettingsCell;
			sourceTree = "<group>";
		};
		913B6E052A7A32A600B9D5C4 /* EditProfileController */ = {
			isa = PBXGroup;
			children = (
				913B6E062A7A32CA00B9D5C4 /* EditProfileController.swift */,
				913B6E102A7A338200B9D5C4 /* EditProfileViewModel.swift */,
			);
			path = EditProfileController;
			sourceTree = "<group>";
		};
		913B6E092A7A32DE00B9D5C4 /* EditProfile */ = {
			isa = PBXGroup;
			children = (
				913B6E0A2A7A32FF00B9D5C4 /* EditProfile.storyboard */,
				913B6E0C2A7A337400B9D5C4 /* EditProfileCell.swift */,
				913B6E0D2A7A337400B9D5C4 /* EditProfileCell.xib */,
			);
			path = EditProfile;
			sourceTree = "<group>";
		};
		913B6E122A7A376A00B9D5C4 /* AppConfig */ = {
			isa = PBXGroup;
			children = (
				913B6E132A7A377500B9D5C4 /* AppConfig.swift */,
			);
			path = AppConfig;
			sourceTree = "<group>";
		};
		913B6E1B2A7A4EDB00B9D5C4 /* ChatController */ = {
			isa = PBXGroup;
			children = (
				9171B3402A8B58D300C698EC /* Chat */,
				9171B3412A8B58E100C698EC /* ChatInformation */,
			);
			path = ChatController;
			sourceTree = "<group>";
		};
		913B6E1E2A7A4F0700B9D5C4 /* Chat */ = {
			isa = PBXGroup;
			children = (
				913B6E1F2A7A4F1000B9D5C4 /* Chat.storyboard */,
				91934F2B2A80BA6000D827B3 /* ChatCell2 */,
				9171B3452A8B592C00C698EC /* ChatInformation.storyboard */,
				91C9A7DB2A8F8623009EBD56 /* RaceTimer.storyboard */,
				9171B3632A8E1E0D00C698EC /* Race */,
				9171B3482A8B59E400C698EC /* ChatInformationCell */,
			);
			path = Chat;
			sourceTree = "<group>";
		};
		913B6E322A7A9A5A00B9D5C4 /* Socket */ = {
			isa = PBXGroup;
			children = (
				913B6E2F2A7A9A5300B9D5C4 /* SocketManager.swift */,
			);
			path = Socket;
			sourceTree = "<group>";
		};
		913B6E3F2A7B9AFA00B9D5C4 /* Messages */ = {
			isa = PBXGroup;
			children = (
				913B6E402A7B9B3400B9D5C4 /* MessageItem.swift */,
				91934F252A7CE05700D827B3 /* MessagesCellItem.swift */,
				91E31F1D2A839A8B00F2FF23 /* SentMessage.swift */,
				912498202AA2137800299419 /* MessageEntity.xcdatamodeld */,
				91CC86612AA720EA0079110D /* MessagePhotoDownloaded.swift */,
			);
			path = Messages;
			sourceTree = "<group>";
		};
		913B6E422A7BA27600B9D5C4 /* Messages */ = {
			isa = PBXGroup;
			children = (
				913B6E432A7BA28E00B9D5C4 /* MessagesService.swift */,
			);
			path = Messages;
			sourceTree = "<group>";
		};
		914A7F462A78D78F00499D49 /* UsersController */ = {
			isa = PBXGroup;
			children = (
				910C24B42A78E25800E70900 /* UsersMain */,
			);
			path = UsersController;
			sourceTree = "<group>";
		};
		914A7F492A78D7C900499D49 /* Users */ = {
			isa = PBXGroup;
			children = (
				914A7F4A2A78D7D300499D49 /* Users.storyboard */,
				916713B02A78DC4600C8AD50 /* UsersCell */,
				910C24AF2A78E1EB00E70900 /* UsersHeader */,
			);
			path = Users;
			sourceTree = "<group>";
		};
		9156BF932A98DFF200F3AECB /* yol3-1 */ = {
			isa = PBXGroup;
			children = (
				9156BF942A98DFF200F3AECB /* images */,
				9156BF972A98DFF200F3AECB /* data2.json */,
			);
			path = "yol3-1";
			sourceTree = "<group>";
		};
		9156BF942A98DFF200F3AECB /* images */ = {
			isa = PBXGroup;
			children = (
				9156BF952A98DFF200F3AECB /* img_1.png */,
				9156BF962A98DFF200F3AECB /* img_0.png */,
			);
			path = images;
			sourceTree = "<group>";
		};
		916713B02A78DC4600C8AD50 /* UsersCell */ = {
			isa = PBXGroup;
			children = (
				916713AD2A78DC2C00C8AD50 /* UsersCell.xib */,
				916713AC2A78DC2C00C8AD50 /* UsersCell.swift */,
			);
			path = UsersCell;
			sourceTree = "<group>";
		};
		9171B33E2A8A286200C698EC /* MessagesHeader */ = {
			isa = PBXGroup;
			children = (
				9171B33D2A8A286100C698EC /* MessagesHeaderViewModel.swift */,
			);
			path = MessagesHeader;
			sourceTree = "<group>";
		};
		9171B3402A8B58D300C698EC /* Chat */ = {
			isa = PBXGroup;
			children = (
				9171B3532A8B82BB00C698EC /* Race */,
				913B6E1C2A7A4EFA00B9D5C4 /* ChatController.swift */,
				913B6E262A7A4FD700B9D5C4 /* ChatViewModel.swift */,
				9171B33B2A8A276300C698EC /* Chat+Extensions.swift */,
			);
			path = Chat;
			sourceTree = "<group>";
		};
		9171B3412A8B58E100C698EC /* ChatInformation */ = {
			isa = PBXGroup;
			children = (
				9171B3422A8B58F700C698EC /* ChatInformationController.swift */,
				9171B34D2A8B5C4400C698EC /* ChatInformationViewModel.swift */,
			);
			path = ChatInformation;
			sourceTree = "<group>";
		};
		9171B3482A8B59E400C698EC /* ChatInformationCell */ = {
			isa = PBXGroup;
			children = (
				9171B3492A8B5A0600C698EC /* ChatInformationCell.swift */,
				9171B34A2A8B5A0600C698EC /* ChatInformationCell.xib */,
			);
			path = ChatInformationCell;
			sourceTree = "<group>";
		};
		9171B3532A8B82BB00C698EC /* Race */ = {
			isa = PBXGroup;
			children = (
				9171B35A2A8BABF400C698EC /* RaceHandler.swift */,
				91C9A7DD2A8F8721009EBD56 /* StartRaceController.swift */,
			);
			path = Race;
			sourceTree = "<group>";
		};
		9171B35E2A8D06DD00C698EC /* AuthModel */ = {
			isa = PBXGroup;
			children = (
				910C24A72A78DF2300E70900 /* RegisterModel.swift */,
				919CDE842A790EFC00EB5DDE /* LoginModel.swift */,
				911914DE2A9CBD2F00DE55C7 /* ItemCountAck.swift */,
			);
			path = AuthModel;
			sourceTree = "<group>";
		};
		9171B35F2A8D06F200C698EC /* UserModel */ = {
			isa = PBXGroup;
			children = (
				919CDE8A2A79263000EB5DDE /* UserModel.swift */,
				919CDE932A794D6F00EB5DDE /* CurrentUserModel.swift */,
				913B6E192A7A48CA00B9D5C4 /* UpdateUserModel.swift */,
				91934F282A7D1F1B00D827B3 /* SpecificUser.swift */,
				91934F332A80F60500D827B3 /* TokenModel.swift */,
			);
			path = UserModel;
			sourceTree = "<group>";
		};
		9171B3602A8D070A00C698EC /* GroupModel */ = {
			isa = PBXGroup;
			children = (
				9100AC432A8659AB00AE6FEC /* GroupCellModel.swift */,
				9100AC452A865A0C00AE6FEC /* CreateGroupModel.swift */,
				9171B34F2A8B5ED600C698EC /* GroupMessageModel.swift */,
				9171B3582A8BA29700C698EC /* RaceEvent.swift */,
				9171B35C2A8BB05A00C698EC /* GroupEventModel.swift */,
			);
			path = GroupModel;
			sourceTree = "<group>";
		};
		9171B3632A8E1E0D00C698EC /* Race */ = {
			isa = PBXGroup;
			children = (
				9171B3542A8B832600C698EC /* RaceView.swift */,
				9171B3612A8E1DE200C698EC /* UserCircle.swift */,
				91BE7F242A948325009B55DF /* UserConatiner.swift */,
			);
			path = Race;
			sourceTree = "<group>";
		};
		918B336D2A77E0EE00AB0EB8 = {
			isa = PBXGroup;
			children = (
				912498232AA213E900299419 /* MessageEntity+CoreDataClass.swift */,
				912498242AA213E900299419 /* MessageEntity+CoreDataProperties.swift */,
				918B33782A77E0EE00AB0EB8 /* swiftMessanger */,
				91934F422A8234BC00D827B3 /* OneSignalNotificationServiceExtension */,
				918B33772A77E0EE00AB0EB8 /* Products */,
			);
			sourceTree = "<group>";
		};
		918B33772A77E0EE00AB0EB8 /* Products */ = {
			isa = PBXGroup;
			children = (
				918B33762A77E0EE00AB0EB8 /* swiftMessanger.app */,
			);
			name = Products;
			sourceTree = "<group>";
		};
		918B33782A77E0EE00AB0EB8 /* swiftMessanger */ = {
			isa = PBXGroup;
			children = (
				91934F4D2A82354F00D827B3 /* swiftMessanger.entitlements */,
				9156BF932A98DFF200F3AECB /* yol3-1 */,
				910C24A62A78DF1A00E70900 /* Models */,
				918B33922A77E13600AB0EB8 /* Network */,
				918B33912A77E13200AB0EB8 /* Modules */,
				918B33932A77E13E00AB0EB8 /* UI */,
				918B33902A77E12C00AB0EB8 /* Managers */,
				918B338D2A77E11900AB0EB8 /* Application */,
				918B33822A77E0EF00AB0EB8 /* Assets.xcassets */,
				918B33842A77E0EF00AB0EB8 /* LaunchScreen.storyboard */,
				918B33872A77E0EF00AB0EB8 /* Info.plist */,
				912498192AA2109300299419 /* MessageEntity.xcdatamodeld */,
			);
			path = swiftMessanger;
			sourceTree = "<group>";
		};
		918B338D2A77E11900AB0EB8 /* Application */ = {
			isa = PBXGroup;
			children = (
				918B33792A77E0EE00AB0EB8 /* AppDelegate.swift */,
				918B337B2A77E0EE00AB0EB8 /* SceneDelegate.swift */,
			);
			path = Application;
			sourceTree = "<group>";
		};
		918B33902A77E12C00AB0EB8 /* Managers */ = {
			isa = PBXGroup;
			children = (
				91BE7F282A949A81009B55DF /* Video */,
				91934F352A80F8F600D827B3 /* Constants-Extensions */,
				913B6E392A7B886D00B9D5C4 /* Rootmanager.swift */,
				91BE7F452A94B9BB009B55DF /* DownloadManager.swift */,
				913B6E3D2A7B8BDC00B9D5C4 /* RootExtension.swift */,
				91BE7F262A948FAB009B55DF /* GiftManager.swift */,
			);
			path = Managers;
			sourceTree = "<group>";
		};
		918B33912A77E13200AB0EB8 /* Modules */ = {
			isa = PBXGroup;
			children = (
				91B62E642A86167500B3C56E /* NewGroupController */,
				91DEF2972A7BF72A0072C6FF /* SplashViewController */,
				919CDE982A7A245C00EB5DDE /* SettingsController */,
				914A7F462A78D78F00499D49 /* UsersController */,
				9108FBAA2A77F54400875CFD /* MessageController */,
				918B33982A77EA6A00AB0EB8 /* Auth */,
				918B33A62A77F3D600AB0EB8 /* MainTab */,
				913B6E1B2A7A4EDB00B9D5C4 /* ChatController */,
			);
			path = Modules;
			sourceTree = "<group>";
		};
		918B33922A77E13600AB0EB8 /* Network */ = {
			isa = PBXGroup;
			children = (
				913B6E322A7A9A5A00B9D5C4 /* Socket */,
				913B6E122A7A376A00B9D5C4 /* AppConfig */,
				919CDE822A7900EA00EB5DDE /* AuthAPI.swift */,
				919CDE802A78FF6500EB5DDE /* API.swift */,
				919CDE902A793D4000EB5DDE /* User */,
				913B6E422A7BA27600B9D5C4 /* Messages */,
			);
			path = Network;
			sourceTree = "<group>";
		};
		918B33932A77E13E00AB0EB8 /* UI */ = {
			isa = PBXGroup;
			children = (
				91DEF2942A7BF6D50072C6FF /* Splash */,
				913B6E1E2A7A4F0700B9D5C4 /* Chat */,
				919CDE952A7A242800EB5DDE /* Settings */,
				914A7F492A78D7C900499D49 /* Users */,
				91B62E682A8616B700B3C56E /* NewGroup */,
				9108FBAE2A77F57C00875CFD /* Messages */,
				918B33992A77EA7300AB0EB8 /* Auth */,
				9108FBAD2A77F56F00875CFD /* MainTab */,
			);
			path = UI;
			sourceTree = "<group>";
		};
		918B33982A77EA6A00AB0EB8 /* Auth */ = {
			isa = PBXGroup;
			children = (
				918B339F2A77EB3A00AB0EB8 /* Login */,
				918B33A32A77EB4F00AB0EB8 /* Register */,
			);
			path = Auth;
			sourceTree = "<group>";
		};
		918B33992A77EA7300AB0EB8 /* Auth */ = {
			isa = PBXGroup;
			children = (
				918B339C2A77EA8000AB0EB8 /* Login */,
				918B339D2A77EA8500AB0EB8 /* Register */,
			);
			path = Auth;
			sourceTree = "<group>";
		};
		918B339C2A77EA8000AB0EB8 /* Login */ = {
			isa = PBXGroup;
			children = (
				918B337F2A77E0EE00AB0EB8 /* Main.storyboard */,
			);
			path = Login;
			sourceTree = "<group>";
		};
		918B339D2A77EA8500AB0EB8 /* Register */ = {
			isa = PBXGroup;
			children = (
				918B339A2A77EA7D00AB0EB8 /* Register.storyboard */,
			);
			path = Register;
			sourceTree = "<group>";
		};
		918B339F2A77EB3A00AB0EB8 /* Login */ = {
			isa = PBXGroup;
			children = (
				918B337D2A77E0EE00AB0EB8 /* LoginController.swift */,
				918B33A02A77EB4500AB0EB8 /* LoginViewModel.swift */,
			);
			path = Login;
			sourceTree = "<group>";
		};
		918B33A32A77EB4F00AB0EB8 /* Register */ = {
			isa = PBXGroup;
			children = (
				918B33962A77EA6400AB0EB8 /* RegisterController.swift */,
				913B6E372A7B76E000B9D5C4 /* RegisterViewModel.swift */,
			);
			path = Register;
			sourceTree = "<group>";
		};
		918B33A62A77F3D600AB0EB8 /* MainTab */ = {
			isa = PBXGroup;
			children = (
				918B33A72A77F3EB00AB0EB8 /* MainTab.swift */,
			);
			path = MainTab;
			sourceTree = "<group>";
		};
		91934F2B2A80BA6000D827B3 /* ChatCell2 */ = {
			isa = PBXGroup;
			children = (
				91934F2C2A80BA8800D827B3 /* ChatCell2.swift */,
				91934F2D2A80BA8800D827B3 /* ChatCell2.xib */,
				9162CB0C2AA0D39A0085A26E /* ChatCellWithImage.swift */,
				9162CB0D2AA0D39A0085A26E /* ChatCellWithImage.xib */,
			);
			path = ChatCell2;
			sourceTree = "<group>";
		};
		91934F352A80F8F600D827B3 /* Constants-Extensions */ = {
			isa = PBXGroup;
			children = (
				91934F362A80F90200D827B3 /* UDConstants.swift */,
				91934F382A81044B00D827B3 /* DateExtension.swift */,
				9171B3512A8B827800C698EC /* NSLayoutExtensions.swift */,
				9171B3562A8B9C7500C698EC /* ColorExtensions.swift */,
				919C40812A964C2400E813EB /* AssetManager.swift */,
				91C4E8842AA084B800E42B49 /* ImageManager.swift */,
				91C4E8862AA08A6300E42B49 /* PhotoPickerManager.swift */,
				9162CB382AA210040085A26E /* CoreDataManager.swift */,
				91CC865F2AA5FD070079110D /* ProgressHud.swift */,
				91CC86632AA763D40079110D /* ImageLoader.swift */,
			);
			path = "Constants-Extensions";
			sourceTree = "<group>";
		};
		91934F422A8234BC00D827B3 /* OneSignalNotificationServiceExtension */ = {
			isa = PBXGroup;
			children = (
				91934F432A8234BC00D827B3 /* NotificationService.swift */,
				91934F452A8234BC00D827B3 /* Info.plist */,
			);
			path = OneSignalNotificationServiceExtension;
			sourceTree = "<group>";
		};
		919CDE8C2A79355100EB5DDE /* Auth */ = {
			isa = PBXGroup;
			children = (
				9171B3602A8D070A00C698EC /* GroupModel */,
				9171B35F2A8D06F200C698EC /* UserModel */,
				9171B35E2A8D06DD00C698EC /* AuthModel */,
			);
			path = Auth;
			sourceTree = "<group>";
		};
		919CDE8F2A793D2F00EB5DDE /* Auth */ = {
			isa = PBXGroup;
			children = (
				919CDE7B2A78F8A800EB5DDE /* AuthService.swift */,
			);
			path = Auth;
			sourceTree = "<group>";
		};
		919CDE902A793D4000EB5DDE /* User */ = {
			isa = PBXGroup;
			children = (
				919CDE8F2A793D2F00EB5DDE /* Auth */,
				919CDE8D2A793D2800EB5DDE /* UserService.swift */,
			);
			path = User;
			sourceTree = "<group>";
		};
		919CDE952A7A242800EB5DDE /* Settings */ = {
			isa = PBXGroup;
			children = (
				919CDE962A7A244600EB5DDE /* Settings.storyboard */,
				913B6DFE2A7A2D0B00B9D5C4 /* SettingsCell */,
				913B6E092A7A32DE00B9D5C4 /* EditProfile */,
			);
			path = Settings;
			sourceTree = "<group>";
		};
		919CDE982A7A245C00EB5DDE /* SettingsController */ = {
			isa = PBXGroup;
			children = (
				919CDE992A7A247700EB5DDE /* SettingsController.swift */,
				913B6E032A7A31A600B9D5C4 /* SettingsViewModel.swift */,
				913B6E052A7A32A600B9D5C4 /* EditProfileController */,
			);
			path = SettingsController;
			sourceTree = "<group>";
		};
		91B62E5B2A860B9C00B3C56E /* MessagesHeader */ = {
			isa = PBXGroup;
			children = (
				91B62E5C2A860BEA00B3C56E /* MessagesHeader.xib */,
				91B62E5F2A860C9100B3C56E /* MessagesHeader.swift */,
			);
			path = MessagesHeader;
			sourceTree = "<group>";
		};
		91B62E642A86167500B3C56E /* NewGroupController */ = {
			isa = PBXGroup;
			children = (
				9100AC322A8649BD00AE6FEC /* NewGroupEditController */,
				91B62E6B2A8616EC00B3C56E /* NewGroupController.swift */,
				91B62E722A86193C00B3C56E /* NewGroupViewModel.swift */,
			);
			path = NewGroupController;
			sourceTree = "<group>";
		};
		91B62E682A8616B700B3C56E /* NewGroup */ = {
			isa = PBXGroup;
			children = (
				9100AC332A8649E200AE6FEC /* NewGroupEdit */,
				91B62E6D2A86176E00B3C56E /* NewGroupCell */,
				91B62E692A8616C700B3C56E /* NewGroup.storyboard */,
			);
			path = NewGroup;
			sourceTree = "<group>";
		};
		91B62E6D2A86176E00B3C56E /* NewGroupCell */ = {
			isa = PBXGroup;
			children = (
				91B62E6E2A86178D00B3C56E /* NewGroupCell.swift */,
				91B62E6F2A86178D00B3C56E /* NewGroupCell.xib */,
			);
			path = NewGroupCell;
			sourceTree = "<group>";
		};
		91BE7F282A949A81009B55DF /* Video */ = {
			isa = PBXGroup;
			children = (
				91BE7F3A2A949D22009B55DF /* AlphaFrameFilter.swift */,
				91BE7F372A949D1F009B55DF /* AVAsset+VideoSize.swift */,
				91BE7F382A949D21009B55DF /* AVPlayerView.swift */,
				91BE7F3B2A949D22009B55DF /* CIImage+VerticalSplit.swift */,
				91BE7F392A949D22009B55DF /* CIKernel+DefaultMetalLibrary.swift */,
				91BE7F412A949E8D009B55DF /* AlphaFrameFilter.metal */,
			);
			path = Video;
			sourceTree = "<group>";
		};
		91DEF2942A7BF6D50072C6FF /* Splash */ = {
			isa = PBXGroup;
			children = (
				91DEF2952A7BF6F00072C6FF /* Splash.storyboard */,
			);
			path = Splash;
			sourceTree = "<group>";
		};
		91DEF2972A7BF72A0072C6FF /* SplashViewController */ = {
			isa = PBXGroup;
			children = (
				91DEF2982A7BF74B0072C6FF /* SplashController.swift */,
				91DEF29B2A7BF76B0072C6FF /* SplashViewModel.swift */,
			);
			path = SplashViewController;
			sourceTree = "<group>";
		};
		91DEF29D2A7CDC840072C6FF /* MessagesCell */ = {
			isa = PBXGroup;
			children = (
				91DEF29E2A7CDCA30072C6FF /* MessagesCell.swift */,
				91DEF29F2A7CDCA30072C6FF /* MessagesCell.xib */,
			);
			path = MessagesCell;
			sourceTree = "<group>";
		};
/* End PBXGroup section */

/* Begin PBXNativeTarget section */
		918B33752A77E0EE00AB0EB8 /* swiftMessanger */ = {
			isa = PBXNativeTarget;
			buildConfigurationList = 918B338A2A77E0EF00AB0EB8 /* Build configuration list for PBXNativeTarget "swiftMessanger" */;
			buildPhases = (
				918B33722A77E0EE00AB0EB8 /* Sources */,
				918B33732A77E0EE00AB0EB8 /* Frameworks */,
				918B33742A77E0EE00AB0EB8 /* Resources */,
				91934F4C2A8234BC00D827B3 /* Embed Foundation Extensions */,
			);
			buildRules = (
			);
			dependencies = (
			);
			name = swiftMessanger;
			packageProductDependencies = (
				910C24AA2A78E05800E70900 /* SDWebImage */,
				919CDE7E2A78FF3500EB5DDE /* Moya */,
				91DEF2922A7BED790072C6FF /* SocketIO */,
				91934F3B2A82348A00D827B3 /* OneSignal */,
				919C40842A964E8400E813EB /* Lottie */,
				9162CB112AA0D83C0085A26E /* Kingfisher */,
				91CC865D2AA5FC830079110D /* JGProgressHUD */,
			);
			productName = swiftMessanger;
			productReference = 918B33762A77E0EE00AB0EB8 /* swiftMessanger.app */;
			productType = "com.apple.product-type.application";
		};
/* End PBXNativeTarget section */

/* Begin PBXProject section */
		918B336E2A77E0EE00AB0EB8 /* Project object */ = {
			isa = PBXProject;
			attributes = {
				BuildIndependentTargetsInParallel = 1;
				LastSwiftUpdateCheck = 1430;
				LastUpgradeCheck = 1420;
				TargetAttributes = {
					918B33752A77E0EE00AB0EB8 = {
						CreatedOnToolsVersion = 14.2;
					};
				};
			};
			buildConfigurationList = 918B33712A77E0EE00AB0EB8 /* Build configuration list for PBXProject "swiftMessanger" */;
			compatibilityVersion = "Xcode 14.0";
			developmentRegion = en;
			hasScannedForEncodings = 0;
			knownRegions = (
				en,
				Base,
			);
			mainGroup = 918B336D2A77E0EE00AB0EB8;
			packageReferences = (
				910C24A92A78E05800E70900 /* XCRemoteSwiftPackageReference "SDWebImage" */,
				919CDE7D2A78FF3500EB5DDE /* XCRemoteSwiftPackageReference "Moya" */,
				91DEF2912A7BED790072C6FF /* XCRemoteSwiftPackageReference "socket.io-client-swift" */,
				91934F3A2A82348A00D827B3 /* XCRemoteSwiftPackageReference "OneSignal-iOS-SDK" */,
				919C40832A964E8400E813EB /* XCRemoteSwiftPackageReference "lottie-ios" */,
				9162CB102AA0D83C0085A26E /* XCRemoteSwiftPackageReference "Kingfisher" */,
				91CC865C2AA5FC830079110D /* XCRemoteSwiftPackageReference "JGProgressHUD" */,
			);
			productRefGroup = 918B33772A77E0EE00AB0EB8 /* Products */;
			projectDirPath = "";
			projectRoot = "";
			targets = (
				918B33752A77E0EE00AB0EB8 /* swiftMessanger */,
			);
		};
/* End PBXProject section */

/* Begin PBXResourcesBuildPhase section */
		918B33742A77E0EE00AB0EB8 /* Resources */ = {
			isa = PBXResourcesBuildPhase;
			buildActionMask = 2147483647;
			files = (
				9100AC392A864A6000AE6FEC /* NewGroupEditCell.xib in Resources */,
				9171B34C2A8B5A0600C698EC /* ChatInformationCell.xib in Resources */,
				913B6E0B2A7A32FF00B9D5C4 /* EditProfile.storyboard in Resources */,
				9156BF982A98DFF200F3AECB /* img_1.png in Resources */,
				91B62E712A86178D00B3C56E /* NewGroupCell.xib in Resources */,
				916713AF2A78DC2C00C8AD50 /* UsersCell.xib in Resources */,
				914A7F4B2A78D7D300499D49 /* Users.storyboard in Resources */,
				9156BF992A98DFF200F3AECB /* img_0.png in Resources */,
				91B62E6A2A8616C700B3C56E /* NewGroup.storyboard in Resources */,
				913B6E202A7A4F1000B9D5C4 /* Chat.storyboard in Resources */,
				9108FBB22A77FE6C00875CFD /* Messages.storyboard in Resources */,
				9100AC352A8649F600AE6FEC /* NewGroupEdit.storyboard in Resources */,
				913B6E022A7A2D3D00B9D5C4 /* SettingsCell.xib in Resources */,
				91934F2F2A80BA8800D827B3 /* ChatCell2.xib in Resources */,
				91B62E5D2A860BEA00B3C56E /* MessagesHeader.xib in Resources */,
				9171B3462A8B592C00C698EC /* ChatInformation.storyboard in Resources */,
				918B33862A77E0EF00AB0EB8 /* LaunchScreen.storyboard in Resources */,
				91DEF2962A7BF6F00072C6FF /* Splash.storyboard in Resources */,
				9108FBA92A77F4B500875CFD /* MainTab.storyboard in Resources */,
				918B33832A77E0EF00AB0EB8 /* Assets.xcassets in Resources */,
				9162CB0F2AA0D39A0085A26E /* ChatCellWithImage.xib in Resources */,
				913B6E0F2A7A337400B9D5C4 /* EditProfileCell.xib in Resources */,
				9156BF9A2A98DFF200F3AECB /* data2.json in Resources */,
				919CDE762A78F18C00EB5DDE /* UsersHeader.xib in Resources */,
				918B33812A77E0EE00AB0EB8 /* Main.storyboard in Resources */,
				918B339B2A77EA7D00AB0EB8 /* Register.storyboard in Resources */,
				91DEF2A12A7CDCA30072C6FF /* MessagesCell.xib in Resources */,
				919CDE972A7A244600EB5DDE /* Settings.storyboard in Resources */,
				91C9A7DC2A8F8623009EBD56 /* RaceTimer.storyboard in Resources */,
				913B6E182A7A3B0B00B9D5C4 /* LogoutCell.xib in Resources */,
			);
			runOnlyForDeploymentPostprocessing = 0;
		};
/* End PBXResourcesBuildPhase section */

/* Begin PBXSourcesBuildPhase section */
		918B33722A77E0EE00AB0EB8 /* Sources */ = {
			isa = PBXSourcesBuildPhase;
			buildActionMask = 2147483647;
			files = (
				91B62E6C2A8616EC00B3C56E /* NewGroupController.swift in Sources */,
				9171B3572A8B9C7500C698EC /* ColorExtensions.swift in Sources */,
				91BE7F3C2A949D23009B55DF /* AVAsset+VideoSize.swift in Sources */,
				9100AC402A864B6200AE6FEC /* NewGroupEditController.swift in Sources */,
				91CC86602AA5FD070079110D /* ProgressHud.swift in Sources */,
				913B6E112A7A338200B9D5C4 /* EditProfileViewModel.swift in Sources */,
				9171B35D2A8BB05A00C698EC /* GroupEventModel.swift in Sources */,
				913B6E142A7A377500B9D5C4 /* AppConfig.swift in Sources */,
				919CDE942A794D6F00EB5DDE /* CurrentUserModel.swift in Sources */,
				919C40822A964C2400E813EB /* AssetManager.swift in Sources */,
				9171B35B2A8BABF400C698EC /* RaceHandler.swift in Sources */,
				9171B3432A8B58F700C698EC /* ChatInformationController.swift in Sources */,
				91BE7F272A948FAB009B55DF /* GiftManager.swift in Sources */,
				910C24AE2A78E0D200E70900 /* UsersViewModel.swift in Sources */,
				9162CB0E2AA0D39A0085A26E /* ChatCellWithImage.swift in Sources */,
				913B6E382A7B76E000B9D5C4 /* RegisterViewModel.swift in Sources */,
				918B33972A77EA6400AB0EB8 /* RegisterController.swift in Sources */,
				919CDE9A2A7A247700EB5DDE /* SettingsController.swift in Sources */,
				919CDE812A78FF6500EB5DDE /* API.swift in Sources */,
				9171B3502A8B5ED600C698EC /* GroupMessageModel.swift in Sources */,
				913B6E172A7A3B0B00B9D5C4 /* LogoutCell.swift in Sources */,
				9100AC442A8659AB00AE6FEC /* GroupCellModel.swift in Sources */,
				9100AC422A864BF600AE6FEC /* NewGroupEditViewModel.swift in Sources */,
				9171B33F2A8A286200C698EC /* MessagesHeaderViewModel.swift in Sources */,
				9100AC462A865A0C00AE6FEC /* CreateGroupModel.swift in Sources */,
				91BE7F3F2A949D23009B55DF /* AlphaFrameFilter.swift in Sources */,
				912498222AA2137800299419 /* MessageEntity.xcdatamodeld in Sources */,
				919CDE832A7900EA00EB5DDE /* AuthAPI.swift in Sources */,
				91BE7F3D2A949D23009B55DF /* AVPlayerView.swift in Sources */,
				91BE7F402A949D23009B55DF /* CIImage+VerticalSplit.swift in Sources */,
				91934F372A80F90200D827B3 /* UDConstants.swift in Sources */,
				91DEF2992A7BF74B0072C6FF /* SplashController.swift in Sources */,
				916713AE2A78DC2C00C8AD50 /* UsersCell.swift in Sources */,
				918B337E2A77E0EE00AB0EB8 /* LoginController.swift in Sources */,
				913B6E292A7A5CD900B9D5C4 /* MessagesViewModel.swift in Sources */,
				9108FBAC2A77F55D00875CFD /* MessagesController.swift in Sources */,
				91934F342A80F60500D827B3 /* TokenModel.swift in Sources */,
				91C4E8872AA08A6300E42B49 /* PhotoPickerManager.swift in Sources */,
				912498252AA213E900299419 /* MessageEntity+CoreDataClass.swift in Sources */,
				919CDE852A790EFC00EB5DDE /* LoginModel.swift in Sources */,
				918B337A2A77E0EE00AB0EB8 /* AppDelegate.swift in Sources */,
				9162CB392AA210040085A26E /* CoreDataManager.swift in Sources */,
				9171B34B2A8B5A0600C698EC /* ChatInformationCell.swift in Sources */,
				911914DF2A9CBD2F00DE55C7 /* ItemCountAck.swift in Sources */,
				913B6E3A2A7B886D00B9D5C4 /* Rootmanager.swift in Sources */,
				918B33A12A77EB4500AB0EB8 /* LoginViewModel.swift in Sources */,
				9171B3592A8BA29700C698EC /* RaceEvent.swift in Sources */,
				91934F292A7D1F1B00D827B3 /* SpecificUser.swift in Sources */,
				913B6E3E2A7B8BDC00B9D5C4 /* RootExtension.swift in Sources */,
				91C4E8852AA084B800E42B49 /* ImageManager.swift in Sources */,
				91B62E732A86193C00B3C56E /* NewGroupViewModel.swift in Sources */,
				91DEF29C2A7BF76B0072C6FF /* SplashViewModel.swift in Sources */,
				918B33A82A77F3EB00AB0EB8 /* MainTab.swift in Sources */,
				913B6E302A7A9A5300B9D5C4 /* SocketManager.swift in Sources */,
				919CDE8E2A793D2800EB5DDE /* UserService.swift in Sources */,
				913B6E012A7A2D3D00B9D5C4 /* SettingsCell.swift in Sources */,
				913B6E072A7A32CA00B9D5C4 /* EditProfileController.swift in Sources */,
				91BE7F422A949E8D009B55DF /* AlphaFrameFilter.metal in Sources */,
				914A7F482A78D7AC00499D49 /* UsersController.swift in Sources */,
				9100AC382A864A6000AE6FEC /* NewGroupEditCell.swift in Sources */,
				910C24A82A78DF2300E70900 /* RegisterModel.swift in Sources */,
				91E31F1E2A839A8B00F2FF23 /* SentMessage.swift in Sources */,
				91934F392A81044B00D827B3 /* DateExtension.swift in Sources */,
				91B62E602A860C9100B3C56E /* MessagesHeader.swift in Sources */,
				91DEF2A02A7CDCA30072C6FF /* MessagesCell.swift in Sources */,
				91CC86622AA720EA0079110D /* MessagePhotoDownloaded.swift in Sources */,
				91BE7F3E2A949D23009B55DF /* CIKernel+DefaultMetalLibrary.swift in Sources */,
				9171B3622A8E1DE200C698EC /* UserCircle.swift in Sources */,
				913B6E0E2A7A337400B9D5C4 /* EditProfileCell.swift in Sources */,
				919CDE7C2A78F8A800EB5DDE /* AuthService.swift in Sources */,
				913B6E1D2A7A4EFA00B9D5C4 /* ChatController.swift in Sources */,
				913B6E1A2A7A48CA00B9D5C4 /* UpdateUserModel.swift in Sources */,
				919CDE8B2A79263000EB5DDE /* UserModel.swift in Sources */,
				91934F2E2A80BA8800D827B3 /* ChatCell2.swift in Sources */,
				913B6E412A7B9B3400B9D5C4 /* MessageItem.swift in Sources */,
				9171B33C2A8A276300C698EC /* Chat+Extensions.swift in Sources */,
				91C9A7DE2A8F8721009EBD56 /* StartRaceController.swift in Sources */,
				91CC86642AA763D40079110D /* ImageLoader.swift in Sources */,
				918B337C2A77E0EE00AB0EB8 /* SceneDelegate.swift in Sources */,
				91B62E702A86178D00B3C56E /* NewGroupCell.swift in Sources */,
				913B6E272A7A4FD700B9D5C4 /* ChatViewModel.swift in Sources */,
				912498262AA213E900299419 /* MessageEntity+CoreDataProperties.swift in Sources */,
				91BE7F462A94B9BB009B55DF /* DownloadManager.swift in Sources */,
				913B6E442A7BA28E00B9D5C4 /* MessagesService.swift in Sources */,
				91BE7F252A948325009B55DF /* UserConatiner.swift in Sources */,
				913B6E042A7A31A600B9D5C4 /* SettingsViewModel.swift in Sources */,
				91934F262A7CE05700D827B3 /* MessagesCellItem.swift in Sources */,
				9171B34E2A8B5C4400C698EC /* ChatInformationViewModel.swift in Sources */,
				9171B3522A8B827800C698EC /* NSLayoutExtensions.swift in Sources */,
				9171B33A2A8A273200C698EC /* Messages+Extensions.swift in Sources */,
				9171B3552A8B832600C698EC /* RaceView.swift in Sources */,
			);
			runOnlyForDeploymentPostprocessing = 0;
		};
/* End PBXSourcesBuildPhase section */

/* Begin PBXVariantGroup section */
		918B337F2A77E0EE00AB0EB8 /* Main.storyboard */ = {
			isa = PBXVariantGroup;
			children = (
				918B33802A77E0EE00AB0EB8 /* Base */,
			);
			name = Main.storyboard;
			sourceTree = "<group>";
		};
		918B33842A77E0EF00AB0EB8 /* LaunchScreen.storyboard */ = {
			isa = PBXVariantGroup;
			children = (
				918B33852A77E0EF00AB0EB8 /* Base */,
			);
			name = LaunchScreen.storyboard;
			sourceTree = "<group>";
		};
/* End PBXVariantGroup section */

/* Begin XCBuildConfiguration section */
		918B33882A77E0EF00AB0EB8 /* Debug */ = {
			isa = XCBuildConfiguration;
			buildSettings = {
				ALWAYS_SEARCH_USER_PATHS = NO;
				CLANG_ANALYZER_NONNULL = YES;
				CLANG_ANALYZER_NUMBER_OBJECT_CONVERSION = YES_AGGRESSIVE;
				CLANG_CXX_LANGUAGE_STANDARD = "gnu++20";
				CLANG_ENABLE_MODULES = YES;
				CLANG_ENABLE_OBJC_ARC = YES;
				CLANG_ENABLE_OBJC_WEAK = YES;
				CLANG_WARN_BLOCK_CAPTURE_AUTORELEASING = YES;
				CLANG_WARN_BOOL_CONVERSION = YES;
				CLANG_WARN_COMMA = YES;
				CLANG_WARN_CONSTANT_CONVERSION = YES;
				CLANG_WARN_DEPRECATED_OBJC_IMPLEMENTATIONS = YES;
				CLANG_WARN_DIRECT_OBJC_ISA_USAGE = YES_ERROR;
				CLANG_WARN_DOCUMENTATION_COMMENTS = YES;
				CLANG_WARN_EMPTY_BODY = YES;
				CLANG_WARN_ENUM_CONVERSION = YES;
				CLANG_WARN_INFINITE_RECURSION = YES;
				CLANG_WARN_INT_CONVERSION = YES;
				CLANG_WARN_NON_LITERAL_NULL_CONVERSION = YES;
				CLANG_WARN_OBJC_IMPLICIT_RETAIN_SELF = YES;
				CLANG_WARN_OBJC_LITERAL_CONVERSION = YES;
				CLANG_WARN_OBJC_ROOT_CLASS = YES_ERROR;
				CLANG_WARN_QUOTED_INCLUDE_IN_FRAMEWORK_HEADER = YES;
				CLANG_WARN_RANGE_LOOP_ANALYSIS = YES;
				CLANG_WARN_STRICT_PROTOTYPES = YES;
				CLANG_WARN_SUSPICIOUS_MOVE = YES;
				CLANG_WARN_UNGUARDED_AVAILABILITY = YES_AGGRESSIVE;
				CLANG_WARN_UNREACHABLE_CODE = YES;
				CLANG_WARN__DUPLICATE_METHOD_MATCH = YES;
				COPY_PHASE_STRIP = NO;
				DEBUG_INFORMATION_FORMAT = dwarf;
				ENABLE_STRICT_OBJC_MSGSEND = YES;
				ENABLE_TESTABILITY = YES;
				GCC_C_LANGUAGE_STANDARD = gnu11;
				GCC_DYNAMIC_NO_PIC = NO;
				GCC_NO_COMMON_BLOCKS = YES;
				GCC_OPTIMIZATION_LEVEL = 0;
				GCC_PREPROCESSOR_DEFINITIONS = (
					"DEBUG=1",
					"$(inherited)",
				);
				GCC_WARN_64_TO_32_BIT_CONVERSION = YES;
				GCC_WARN_ABOUT_RETURN_TYPE = YES_ERROR;
				GCC_WARN_UNDECLARED_SELECTOR = YES;
				GCC_WARN_UNINITIALIZED_AUTOS = YES_AGGRESSIVE;
				GCC_WARN_UNUSED_FUNCTION = YES;
				GCC_WARN_UNUSED_VARIABLE = YES;
				IPHONEOS_DEPLOYMENT_TARGET = 16.2;
				MTL_ENABLE_DEBUG_INFO = INCLUDE_SOURCE;
				MTL_FAST_MATH = YES;
				ONLY_ACTIVE_ARCH = YES;
				SDKROOT = iphoneos;
				SWIFT_ACTIVE_COMPILATION_CONDITIONS = DEBUG;
				SWIFT_OPTIMIZATION_LEVEL = "-Onone";
			};
			name = Debug;
		};
		918B33892A77E0EF00AB0EB8 /* Release */ = {
			isa = XCBuildConfiguration;
			buildSettings = {
				ALWAYS_SEARCH_USER_PATHS = NO;
				CLANG_ANALYZER_NONNULL = YES;
				CLANG_ANALYZER_NUMBER_OBJECT_CONVERSION = YES_AGGRESSIVE;
				CLANG_CXX_LANGUAGE_STANDARD = "gnu++20";
				CLANG_ENABLE_MODULES = YES;
				CLANG_ENABLE_OBJC_ARC = YES;
				CLANG_ENABLE_OBJC_WEAK = YES;
				CLANG_WARN_BLOCK_CAPTURE_AUTORELEASING = YES;
				CLANG_WARN_BOOL_CONVERSION = YES;
				CLANG_WARN_COMMA = YES;
				CLANG_WARN_CONSTANT_CONVERSION = YES;
				CLANG_WARN_DEPRECATED_OBJC_IMPLEMENTATIONS = YES;
				CLANG_WARN_DIRECT_OBJC_ISA_USAGE = YES_ERROR;
				CLANG_WARN_DOCUMENTATION_COMMENTS = YES;
				CLANG_WARN_EMPTY_BODY = YES;
				CLANG_WARN_ENUM_CONVERSION = YES;
				CLANG_WARN_INFINITE_RECURSION = YES;
				CLANG_WARN_INT_CONVERSION = YES;
				CLANG_WARN_NON_LITERAL_NULL_CONVERSION = YES;
				CLANG_WARN_OBJC_IMPLICIT_RETAIN_SELF = YES;
				CLANG_WARN_OBJC_LITERAL_CONVERSION = YES;
				CLANG_WARN_OBJC_ROOT_CLASS = YES_ERROR;
				CLANG_WARN_QUOTED_INCLUDE_IN_FRAMEWORK_HEADER = YES;
				CLANG_WARN_RANGE_LOOP_ANALYSIS = YES;
				CLANG_WARN_STRICT_PROTOTYPES = YES;
				CLANG_WARN_SUSPICIOUS_MOVE = YES;
				CLANG_WARN_UNGUARDED_AVAILABILITY = YES_AGGRESSIVE;
				CLANG_WARN_UNREACHABLE_CODE = YES;
				CLANG_WARN__DUPLICATE_METHOD_MATCH = YES;
				COPY_PHASE_STRIP = NO;
				DEBUG_INFORMATION_FORMAT = "dwarf-with-dsym";
				ENABLE_NS_ASSERTIONS = NO;
				ENABLE_STRICT_OBJC_MSGSEND = YES;
				GCC_C_LANGUAGE_STANDARD = gnu11;
				GCC_NO_COMMON_BLOCKS = YES;
				GCC_WARN_64_TO_32_BIT_CONVERSION = YES;
				GCC_WARN_ABOUT_RETURN_TYPE = YES_ERROR;
				GCC_WARN_UNDECLARED_SELECTOR = YES;
				GCC_WARN_UNINITIALIZED_AUTOS = YES_AGGRESSIVE;
				GCC_WARN_UNUSED_FUNCTION = YES;
				GCC_WARN_UNUSED_VARIABLE = YES;
				IPHONEOS_DEPLOYMENT_TARGET = 16.2;
				MTL_ENABLE_DEBUG_INFO = NO;
				MTL_FAST_MATH = YES;
				SDKROOT = iphoneos;
				SWIFT_COMPILATION_MODE = wholemodule;
				SWIFT_OPTIMIZATION_LEVEL = "-O";
				VALIDATE_PRODUCT = YES;
			};
			name = Release;
		};
		918B338B2A77E0EF00AB0EB8 /* Debug */ = {
			isa = XCBuildConfiguration;
			buildSettings = {
				ALWAYS_EMBED_SWIFT_STANDARD_LIBRARIES = YES;
				ASSETCATALOG_COMPILER_APPICON_NAME = AppIcon;
				ASSETCATALOG_COMPILER_GLOBAL_ACCENT_COLOR_NAME = AccentColor;
				CODE_SIGN_ENTITLEMENTS = swiftMessanger/swiftMessanger.entitlements;
				CODE_SIGN_STYLE = Automatic;
				CURRENT_PROJECT_VERSION = 1;
				DEVELOPMENT_TEAM = G853KP8PLG;
				GENERATE_INFOPLIST_FILE = YES;
				INFOPLIST_FILE = swiftMessanger/Info.plist;
				INFOPLIST_KEY_NSPhotoLibraryAddUsageDescription = ss;
				INFOPLIST_KEY_NSPhotoLibraryUsageDescription = ss;
				INFOPLIST_KEY_UIApplicationSupportsIndirectInputEvents = YES;
				INFOPLIST_KEY_UILaunchStoryboardName = LaunchScreen;
				INFOPLIST_KEY_UIMainStoryboardFile = Main;
				INFOPLIST_KEY_UISupportedInterfaceOrientations_iPad = "UIInterfaceOrientationPortrait UIInterfaceOrientationPortraitUpsideDown UIInterfaceOrientationLandscapeLeft UIInterfaceOrientationLandscapeRight";
				INFOPLIST_KEY_UISupportedInterfaceOrientations_iPhone = "UIInterfaceOrientationPortrait UIInterfaceOrientationLandscapeLeft UIInterfaceOrientationLandscapeRight";
				IPHONEOS_DEPLOYMENT_TARGET = 16.0;
				LD_RUNPATH_SEARCH_PATHS = (
					"$(inherited)",
					"@executable_path/Frameworks",
				);
				MARKETING_VERSION = 1.0;
				MTLLINKER_FLAGS = "-fcikernel";
				MTL_COMPILER_FLAGS = "-fcikernel";
				PRODUCT_BUNDLE_IDENTIFIER = com.furkanalioglu.swiftMessanger;
				PRODUCT_NAME = "$(TARGET_NAME)";
				SWIFT_EMIT_LOC_STRINGS = YES;
				SWIFT_VERSION = 5.0;
				TARGETED_DEVICE_FAMILY = "1,2";
			};
			name = Debug;
		};
		918B338C2A77E0EF00AB0EB8 /* Release */ = {
			isa = XCBuildConfiguration;
			buildSettings = {
				ALWAYS_EMBED_SWIFT_STANDARD_LIBRARIES = YES;
				ASSETCATALOG_COMPILER_APPICON_NAME = AppIcon;
				ASSETCATALOG_COMPILER_GLOBAL_ACCENT_COLOR_NAME = AccentColor;
				CODE_SIGN_ENTITLEMENTS = swiftMessanger/swiftMessanger.entitlements;
				CODE_SIGN_STYLE = Automatic;
				CURRENT_PROJECT_VERSION = 1;
				DEVELOPMENT_TEAM = G853KP8PLG;
				GENERATE_INFOPLIST_FILE = YES;
				INFOPLIST_FILE = swiftMessanger/Info.plist;
				INFOPLIST_KEY_NSPhotoLibraryAddUsageDescription = ss;
				INFOPLIST_KEY_NSPhotoLibraryUsageDescription = ss;
				INFOPLIST_KEY_UIApplicationSupportsIndirectInputEvents = YES;
				INFOPLIST_KEY_UILaunchStoryboardName = LaunchScreen;
				INFOPLIST_KEY_UIMainStoryboardFile = Main;
				INFOPLIST_KEY_UISupportedInterfaceOrientations_iPad = "UIInterfaceOrientationPortrait UIInterfaceOrientationPortraitUpsideDown UIInterfaceOrientationLandscapeLeft UIInterfaceOrientationLandscapeRight";
				INFOPLIST_KEY_UISupportedInterfaceOrientations_iPhone = "UIInterfaceOrientationPortrait UIInterfaceOrientationLandscapeLeft UIInterfaceOrientationLandscapeRight";
				IPHONEOS_DEPLOYMENT_TARGET = 16.0;
				LD_RUNPATH_SEARCH_PATHS = (
					"$(inherited)",
					"@executable_path/Frameworks",
				);
				MARKETING_VERSION = 1.0;
				MTLLINKER_FLAGS = "-fcikernel";
				MTL_COMPILER_FLAGS = "-fcikernel";
				PRODUCT_BUNDLE_IDENTIFIER = com.furkanalioglu.swiftMessanger;
				PRODUCT_NAME = "$(TARGET_NAME)";
				SWIFT_EMIT_LOC_STRINGS = YES;
				SWIFT_VERSION = 5.0;
				TARGETED_DEVICE_FAMILY = "1,2";
			};
			name = Release;
		};
/* End XCBuildConfiguration section */

/* Begin XCConfigurationList section */
		918B33712A77E0EE00AB0EB8 /* Build configuration list for PBXProject "swiftMessanger" */ = {
			isa = XCConfigurationList;
			buildConfigurations = (
				918B33882A77E0EF00AB0EB8 /* Debug */,
				918B33892A77E0EF00AB0EB8 /* Release */,
			);
			defaultConfigurationIsVisible = 0;
			defaultConfigurationName = Release;
		};
		918B338A2A77E0EF00AB0EB8 /* Build configuration list for PBXNativeTarget "swiftMessanger" */ = {
			isa = XCConfigurationList;
			buildConfigurations = (
				918B338B2A77E0EF00AB0EB8 /* Debug */,
				918B338C2A77E0EF00AB0EB8 /* Release */,
			);
			defaultConfigurationIsVisible = 0;
			defaultConfigurationName = Release;
		};
/* End XCConfigurationList section */

/* Begin XCRemoteSwiftPackageReference section */
		910C24A92A78E05800E70900 /* XCRemoteSwiftPackageReference "SDWebImage" */ = {
			isa = XCRemoteSwiftPackageReference;
			repositoryURL = "https://github.com/SDWebImage/SDWebImage.git";
			requirement = {
				branch = master;
				kind = branch;
			};
		};
		9162CB102AA0D83C0085A26E /* XCRemoteSwiftPackageReference "Kingfisher" */ = {
			isa = XCRemoteSwiftPackageReference;
			repositoryURL = "https://github.com/onevcat/Kingfisher.git";
			requirement = {
				kind = upToNextMajorVersion;
				minimumVersion = 7.0.0;
			};
		};
		91934F3A2A82348A00D827B3 /* XCRemoteSwiftPackageReference "OneSignal-iOS-SDK" */ = {
			isa = XCRemoteSwiftPackageReference;
			repositoryURL = "https://github.com/OneSignal/OneSignal-iOS-SDK.git";
			requirement = {
				kind = upToNextMajorVersion;
				minimumVersion = 3.0.0;
			};
		};
		919C40832A964E8400E813EB /* XCRemoteSwiftPackageReference "lottie-ios" */ = {
			isa = XCRemoteSwiftPackageReference;
			repositoryURL = "https://github.com/airbnb/lottie-ios";
			requirement = {
				kind = upToNextMajorVersion;
				minimumVersion = 4.0.0;
			};
		};
		919CDE7D2A78FF3500EB5DDE /* XCRemoteSwiftPackageReference "Moya" */ = {
			isa = XCRemoteSwiftPackageReference;
			repositoryURL = "https://github.com/Moya/Moya.git";
			requirement = {
				branch = master;
				kind = branch;
			};
		};
		91CC865C2AA5FC830079110D /* XCRemoteSwiftPackageReference "JGProgressHUD" */ = {
			isa = XCRemoteSwiftPackageReference;
			repositoryURL = "https://github.com/JonasGessner/JGProgressHUD.git";
			requirement = {
				kind = upToNextMajorVersion;
				minimumVersion = 2.0.0;
			};
		};
		91DEF2912A7BED790072C6FF /* XCRemoteSwiftPackageReference "socket.io-client-swift" */ = {
			isa = XCRemoteSwiftPackageReference;
			repositoryURL = "https://github.com/socketio/socket.io-client-swift.git";
			requirement = {
				branch = master;
				kind = branch;
			};
		};
/* End XCRemoteSwiftPackageReference section */

/* Begin XCSwiftPackageProductDependency section */
		910C24AA2A78E05800E70900 /* SDWebImage */ = {
			isa = XCSwiftPackageProductDependency;
			package = 910C24A92A78E05800E70900 /* XCRemoteSwiftPackageReference "SDWebImage" */;
			productName = SDWebImage;
		};
		9162CB112AA0D83C0085A26E /* Kingfisher */ = {
			isa = XCSwiftPackageProductDependency;
			package = 9162CB102AA0D83C0085A26E /* XCRemoteSwiftPackageReference "Kingfisher" */;
			productName = Kingfisher;
		};
		91934F3B2A82348A00D827B3 /* OneSignal */ = {
			isa = XCSwiftPackageProductDependency;
			package = 91934F3A2A82348A00D827B3 /* XCRemoteSwiftPackageReference "OneSignal-iOS-SDK" */;
			productName = OneSignal;
		};
		919C40842A964E8400E813EB /* Lottie */ = {
			isa = XCSwiftPackageProductDependency;
			package = 919C40832A964E8400E813EB /* XCRemoteSwiftPackageReference "lottie-ios" */;
			productName = Lottie;
		};
		919CDE7E2A78FF3500EB5DDE /* Moya */ = {
			isa = XCSwiftPackageProductDependency;
			package = 919CDE7D2A78FF3500EB5DDE /* XCRemoteSwiftPackageReference "Moya" */;
			productName = Moya;
		};
		91CC865D2AA5FC830079110D /* JGProgressHUD */ = {
			isa = XCSwiftPackageProductDependency;
			package = 91CC865C2AA5FC830079110D /* XCRemoteSwiftPackageReference "JGProgressHUD" */;
			productName = JGProgressHUD;
		};
		91DEF2922A7BED790072C6FF /* SocketIO */ = {
			isa = XCSwiftPackageProductDependency;
			package = 91DEF2912A7BED790072C6FF /* XCRemoteSwiftPackageReference "socket.io-client-swift" */;
			productName = SocketIO;
		};
/* End XCSwiftPackageProductDependency section */

/* Begin XCVersionGroup section */
		912498192AA2109300299419 /* MessageEntity.xcdatamodeld */ = {
			isa = XCVersionGroup;
			children = (
				9124981A2AA2109300299419 /* MessageEntity.xcdatamodel */,
			);
			currentVersion = 9124981A2AA2109300299419 /* MessageEntity.xcdatamodel */;
			path = MessageEntity.xcdatamodeld;
			sourceTree = "<group>";
			versionGroupType = wrapper.xcdatamodel;
		};
		912498202AA2137800299419 /* MessageEntity.xcdatamodeld */ = {
			isa = XCVersionGroup;
			children = (
				912498212AA2137800299419 /* MessageEntity.xcdatamodel */,
			);
			currentVersion = 912498212AA2137800299419 /* MessageEntity.xcdatamodel */;
			path = MessageEntity.xcdatamodeld;
			sourceTree = "<group>";
			versionGroupType = wrapper.xcdatamodel;
		};
/* End XCVersionGroup section */
	};
	rootObject = 918B336E2A77E0EE00AB0EB8 /* Project object */;
}
